// !$*UTF8*$!
{
	archiveVersion = 1;
	classes = {
	};
	objectVersion = 46;
	objects = {

/* Begin PBXBuildFile section */
		FA4651931F580CB7002E4120 /* Ziggeo.framework in Frameworks */ = {isa = PBXBuildFile; fileRef = FA4651921F580CB7002E4120 /* Ziggeo.framework */; };
		FA4651941F580CE3002E4120 /* Ziggeo.framework in Embed Frameworks */ = {isa = PBXBuildFile; fileRef = FA4651921F580CB7002E4120 /* Ziggeo.framework */; settings = {ATTRIBUTES = (CodeSignOnCopy, RemoveHeadersOnCopy, ); }; };
		FA8827A11BB486D40025C71D /* main.m in Sources */ = {isa = PBXBuildFile; fileRef = FA8827A01BB486D40025C71D /* main.m */; };
		FA8827A41BB486D40025C71D /* AppDelegate.m in Sources */ = {isa = PBXBuildFile; fileRef = FA8827A31BB486D40025C71D /* AppDelegate.m */; };
		FA8827A71BB486D40025C71D /* ViewController.m in Sources */ = {isa = PBXBuildFile; fileRef = FA8827A61BB486D40025C71D /* ViewController.m */; };
		FA8827AA1BB486D40025C71D /* Main.storyboard in Resources */ = {isa = PBXBuildFile; fileRef = FA8827A81BB486D40025C71D /* Main.storyboard */; };
		FA8827AC1BB486D40025C71D /* Images.xcassets in Resources */ = {isa = PBXBuildFile; fileRef = FA8827AB1BB486D40025C71D /* Images.xcassets */; };
		FA8827AF1BB486D40025C71D /* LaunchScreen.xib in Resources */ = {isa = PBXBuildFile; fileRef = FA8827AD1BB486D40025C71D /* LaunchScreen.xib */; };
/* End PBXBuildFile section */

/* Begin PBXCopyFilesBuildPhase section */
		FA8827C81BB488230025C71D /* Embed Frameworks */ = {
			isa = PBXCopyFilesBuildPhase;
			buildActionMask = 2147483647;
			dstPath = "";
			dstSubfolderSpec = 10;
			files = (
				FA4651941F580CE3002E4120 /* Ziggeo.framework in Embed Frameworks */,
			);
			name = "Embed Frameworks";
			runOnlyForDeploymentPostprocessing = 0;
		};
/* End PBXCopyFilesBuildPhase section */

/* Begin PBXFileReference section */
		FA4651921F580CB7002E4120 /* Ziggeo.framework */ = {isa = PBXFileReference; lastKnownFileType = wrapper.framework; name = Ziggeo.framework; path = "../Ziggeo/Output/Release-universal/Ziggeo.framework"; sourceTree = "<group>"; };
		FA88279B1BB486D40025C71D /* TestApp.app */ = {isa = PBXFileReference; explicitFileType = wrapper.application; includeInIndex = 0; path = TestApp.app; sourceTree = BUILT_PRODUCTS_DIR; };
		FA88279F1BB486D40025C71D /* Info.plist */ = {isa = PBXFileReference; lastKnownFileType = text.plist.xml; path = Info.plist; sourceTree = "<group>"; };
		FA8827A01BB486D40025C71D /* main.m */ = {isa = PBXFileReference; lastKnownFileType = sourcecode.c.objc; path = main.m; sourceTree = "<group>"; };
		FA8827A21BB486D40025C71D /* AppDelegate.h */ = {isa = PBXFileReference; lastKnownFileType = sourcecode.c.h; path = AppDelegate.h; sourceTree = "<group>"; };
		FA8827A31BB486D40025C71D /* AppDelegate.m */ = {isa = PBXFileReference; lastKnownFileType = sourcecode.c.objc; path = AppDelegate.m; sourceTree = "<group>"; };
		FA8827A51BB486D40025C71D /* ViewController.h */ = {isa = PBXFileReference; lastKnownFileType = sourcecode.c.h; path = ViewController.h; sourceTree = "<group>"; };
		FA8827A61BB486D40025C71D /* ViewController.m */ = {isa = PBXFileReference; lastKnownFileType = sourcecode.c.objc; path = ViewController.m; sourceTree = "<group>"; };
		FA8827A91BB486D40025C71D /* Base */ = {isa = PBXFileReference; lastKnownFileType = file.storyboard; name = Base; path = Base.lproj/Main.storyboard; sourceTree = "<group>"; };
		FA8827AB1BB486D40025C71D /* Images.xcassets */ = {isa = PBXFileReference; lastKnownFileType = folder.assetcatalog; path = Images.xcassets; sourceTree = "<group>"; };
		FA8827AE1BB486D40025C71D /* Base */ = {isa = PBXFileReference; lastKnownFileType = file.xib; name = Base; path = Base.lproj/LaunchScreen.xib; sourceTree = "<group>"; };
/* End PBXFileReference section */

/* Begin PBXFrameworksBuildPhase section */
		FA8827981BB486D40025C71D /* Frameworks */ = {
			isa = PBXFrameworksBuildPhase;
			buildActionMask = 2147483647;
			files = (
				FA4651931F580CB7002E4120 /* Ziggeo.framework in Frameworks */,
			);
			runOnlyForDeploymentPostprocessing = 0;
		};
/* End PBXFrameworksBuildPhase section */

/* Begin PBXGroup section */
		FA8827921BB486D40025C71D = {
			isa = PBXGroup;
			children = (
				FA4651921F580CB7002E4120 /* Ziggeo.framework */,
				FA88279D1BB486D40025C71D /* TestApp */,
				FA88279C1BB486D40025C71D /* Products */,
			);
			sourceTree = "<group>";
		};
		FA88279C1BB486D40025C71D /* Products */ = {
			isa = PBXGroup;
			children = (
				FA88279B1BB486D40025C71D /* TestApp.app */,
			);
			name = Products;
			sourceTree = "<group>";
		};
		FA88279D1BB486D40025C71D /* TestApp */ = {
			isa = PBXGroup;
			children = (
				FA8827A21BB486D40025C71D /* AppDelegate.h */,
				FA8827A31BB486D40025C71D /* AppDelegate.m */,
				FA8827A51BB486D40025C71D /* ViewController.h */,
				FA8827A61BB486D40025C71D /* ViewController.m */,
				FA8827A81BB486D40025C71D /* Main.storyboard */,
				FA8827AB1BB486D40025C71D /* Images.xcassets */,
				FA8827AD1BB486D40025C71D /* LaunchScreen.xib */,
				FA88279E1BB486D40025C71D /* Supporting Files */,
			);
			path = TestApp;
			sourceTree = "<group>";
		};
		FA88279E1BB486D40025C71D /* Supporting Files */ = {
			isa = PBXGroup;
			children = (
				FA88279F1BB486D40025C71D /* Info.plist */,
				FA8827A01BB486D40025C71D /* main.m */,
			);
			name = "Supporting Files";
			sourceTree = "<group>";
		};
/* End PBXGroup section */

/* Begin PBXNativeTarget section */
		FA88279A1BB486D40025C71D /* TestApp */ = {
			isa = PBXNativeTarget;
			buildConfigurationList = FA8827BE1BB486D40025C71D /* Build configuration list for PBXNativeTarget "TestApp" */;
			buildPhases = (
				FA8827971BB486D40025C71D /* Sources */,
				FA8827981BB486D40025C71D /* Frameworks */,
				FA8827991BB486D40025C71D /* Resources */,
				FA8827C81BB488230025C71D /* Embed Frameworks */,
				FA4651951F58114B002E4120 /* ShellScript */,
			);
			buildRules = (
			);
			dependencies = (
			);
			name = TestApp;
			productName = TestApp;
			productReference = FA88279B1BB486D40025C71D /* TestApp.app */;
			productType = "com.apple.product-type.application";
		};
/* End PBXNativeTarget section */

/* Begin PBXProject section */
		FA8827931BB486D40025C71D /* Project object */ = {
			isa = PBXProject;
			attributes = {
				LastUpgradeCheck = 0640;
				ORGANIZATIONNAME = Ziggeo;
				TargetAttributes = {
					FA88279A1BB486D40025C71D = {
						CreatedOnToolsVersion = 6.4;
					};
				};
			};
			buildConfigurationList = FA8827961BB486D40025C71D /* Build configuration list for PBXProject "TestApp" */;
			compatibilityVersion = "Xcode 3.2";
			developmentRegion = English;
			hasScannedForEncodings = 0;
			knownRegions = (
				en,
				Base,
			);
			mainGroup = FA8827921BB486D40025C71D;
			productRefGroup = FA88279C1BB486D40025C71D /* Products */;
			projectDirPath = "";
			projectRoot = "";
			targets = (
				FA88279A1BB486D40025C71D /* TestApp */,
			);
		};
/* End PBXProject section */

/* Begin PBXResourcesBuildPhase section */
		FA8827991BB486D40025C71D /* Resources */ = {
			isa = PBXResourcesBuildPhase;
			buildActionMask = 2147483647;
			files = (
				FA8827AA1BB486D40025C71D /* Main.storyboard in Resources */,
				FA8827AF1BB486D40025C71D /* LaunchScreen.xib in Resources */,
				FA8827AC1BB486D40025C71D /* Images.xcassets in Resources */,
			);
			runOnlyForDeploymentPostprocessing = 0;
		};
/* End PBXResourcesBuildPhase section */

/* Begin PBXShellScriptBuildPhase section */
		FA4651951F58114B002E4120 /* ShellScript */ = {
			isa = PBXShellScriptBuildPhase;
			buildActionMask = 2147483647;
			files = (
			);
			inputPaths = (
			);
			outputPaths = (
			);
			runOnlyForDeploymentPostprocessing = 0;
			shellPath = /bin/sh;
			shellScript = "# Signs a framework with the provided identity\ncode_sign() {\n    # Use the current code_sign_identitiy\n    echo \"Code Signing $1 with Identity ${EXPANDED_CODE_SIGN_IDENTITY_NAME}\"\n    echo \"/usr/bin/codesign --force --sign ${EXPANDED_CODE_SIGN_IDENTITY} --preserve-metadata=identifier,entitlements $1\"\n    /usr/bin/codesign --force --sign ${EXPANDED_CODE_SIGN_IDENTITY} --preserve-metadata=identifier,entitlements \"$1\"\n}\n\necho \"Stripping frameworks\"\ncd \"${BUILT_PRODUCTS_DIR}/${FRAMEWORKS_FOLDER_PATH}\"\n\nfor file in $(find . -type f -perm +111); do\n# Skip non-dynamic libraries\nif ! [[ \"$(file \"$file\")\" == *\"dynamically linked shared library\"* ]]; then\ncontinue\nfi\n# Get architectures for current file\narchs=\"$(lipo -info \"${file}\" | rev | cut -d ':' -f1 | rev)\"\nstripped=\"\"\nfor arch in $archs; do\nif ! [[ \"${VALID_ARCHS}\" == *\"$arch\"* ]]; then\n# Strip non-valid architectures in-place\nlipo -remove \"$arch\" -output \"$file\" \"$file\" || exit 1\nstripped=\"$stripped $arch\"\nfi\ndone\nif [[ \"$stripped\" != \"\" ]]; then\necho \"Stripped $file of architectures:$stripped\"\nif [ \"${CODE_SIGNING_REQUIRED}\" == \"YES\" ]; then\ncode_sign \"${file}\"\nfi\nfi\ndone";
		};
/* End PBXShellScriptBuildPhase section */

/* Begin PBXSourcesBuildPhase section */
		FA8827971BB486D40025C71D /* Sources */ = {
			isa = PBXSourcesBuildPhase;
			buildActionMask = 2147483647;
			files = (
				FA8827A71BB486D40025C71D /* ViewController.m in Sources */,
				FA8827A41BB486D40025C71D /* AppDelegate.m in Sources */,
				FA8827A11BB486D40025C71D /* main.m in Sources */,
			);
			runOnlyForDeploymentPostprocessing = 0;
		};
/* End PBXSourcesBuildPhase section */

/* Begin PBXVariantGroup section */
		FA8827A81BB486D40025C71D /* Main.storyboard */ = {
			isa = PBXVariantGroup;
			children = (
				FA8827A91BB486D40025C71D /* Base */,
			);
			name = Main.storyboard;
			sourceTree = "<group>";
		};
		FA8827AD1BB486D40025C71D /* LaunchScreen.xib */ = {
			isa = PBXVariantGroup;
			children = (
				FA8827AE1BB486D40025C71D /* Base */,
			);
			name = LaunchScreen.xib;
			sourceTree = "<group>";
		};
/* End PBXVariantGroup section */

/* Begin XCBuildConfiguration section */
		FA8827BC1BB486D40025C71D /* Debug */ = {
			isa = XCBuildConfiguration;
			buildSettings = {
				ALWAYS_SEARCH_USER_PATHS = NO;
				CLANG_CXX_LANGUAGE_STANDARD = "gnu++0x";
				CLANG_CXX_LIBRARY = "libc++";
				CLANG_ENABLE_MODULES = YES;
				CLANG_ENABLE_OBJC_ARC = YES;
				CLANG_WARN_BOOL_CONVERSION = YES;
				CLANG_WARN_CONSTANT_CONVERSION = YES;
				CLANG_WARN_DIRECT_OBJC_ISA_USAGE = YES_ERROR;
				CLANG_WARN_EMPTY_BODY = YES;
				CLANG_WARN_ENUM_CONVERSION = YES;
				CLANG_WARN_INT_CONVERSION = YES;
				CLANG_WARN_OBJC_ROOT_CLASS = YES_ERROR;
				CLANG_WARN_UNREACHABLE_CODE = YES;
				CLANG_WARN__DUPLICATE_METHOD_MATCH = YES;
				"CODE_SIGN_IDENTITY[sdk=iphoneos*]" = "iPhone Developer";
				COPY_PHASE_STRIP = NO;
				DEBUG_INFORMATION_FORMAT = "dwarf-with-dsym";
				ENABLE_STRICT_OBJC_MSGSEND = YES;
				GCC_C_LANGUAGE_STANDARD = gnu99;
				GCC_DYNAMIC_NO_PIC = NO;
				GCC_NO_COMMON_BLOCKS = YES;
				GCC_OPTIMIZATION_LEVEL = 0;
				GCC_PREPROCESSOR_DEFINITIONS = (
					"DEBUG=1",
					"$(inherited)",
				);
				GCC_SYMBOLS_PRIVATE_EXTERN = NO;
				GCC_WARN_64_TO_32_BIT_CONVERSION = YES;
				GCC_WARN_ABOUT_RETURN_TYPE = YES_ERROR;
				GCC_WARN_UNDECLARED_SELECTOR = YES;
				GCC_WARN_UNINITIALIZED_AUTOS = YES_AGGRESSIVE;
				GCC_WARN_UNUSED_FUNCTION = YES;
				GCC_WARN_UNUSED_VARIABLE = YES;
				IPHONEOS_DEPLOYMENT_TARGET = 8.4;
				MTL_ENABLE_DEBUG_INFO = YES;
				ONLY_ACTIVE_ARCH = YES;
				SDKROOT = iphoneos;
				TARGETED_DEVICE_FAMILY = "1,2";
			};
			name = Debug;
		};
		FA8827BD1BB486D40025C71D /* Release */ = {
			isa = XCBuildConfiguration;
			buildSettings = {
				ALWAYS_SEARCH_USER_PATHS = NO;
				CLANG_CXX_LANGUAGE_STANDARD = "gnu++0x";
				CLANG_CXX_LIBRARY = "libc++";
				CLANG_ENABLE_MODULES = YES;
				CLANG_ENABLE_OBJC_ARC = YES;
				CLANG_WARN_BOOL_CONVERSION = YES;
				CLANG_WARN_CONSTANT_CONVERSION = YES;
				CLANG_WARN_DIRECT_OBJC_ISA_USAGE = YES_ERROR;
				CLANG_WARN_EMPTY_BODY = YES;
				CLANG_WARN_ENUM_CONVERSION = YES;
				CLANG_WARN_INT_CONVERSION = YES;
				CLANG_WARN_OBJC_ROOT_CLASS = YES_ERROR;
				CLANG_WARN_UNREACHABLE_CODE = YES;
				CLANG_WARN__DUPLICATE_METHOD_MATCH = YES;
				"CODE_SIGN_IDENTITY[sdk=iphoneos*]" = "iPhone Developer";
				COPY_PHASE_STRIP = NO;
				DEBUG_INFORMATION_FORMAT = "dwarf-with-dsym";
				ENABLE_NS_ASSERTIONS = NO;
				ENABLE_STRICT_OBJC_MSGSEND = YES;
				GCC_C_LANGUAGE_STANDARD = gnu99;
				GCC_NO_COMMON_BLOCKS = YES;
				GCC_WARN_64_TO_32_BIT_CONVERSION = YES;
				GCC_WARN_ABOUT_RETURN_TYPE = YES_ERROR;
				GCC_WARN_UNDECLARED_SELECTOR = YES;
				GCC_WARN_UNINITIALIZED_AUTOS = YES_AGGRESSIVE;
				GCC_WARN_UNUSED_FUNCTION = YES;
				GCC_WARN_UNUSED_VARIABLE = YES;
				IPHONEOS_DEPLOYMENT_TARGET = 8.4;
				MTL_ENABLE_DEBUG_INFO = NO;
				SDKROOT = iphoneos;
				TARGETED_DEVICE_FAMILY = "1,2";
				VALIDATE_PRODUCT = YES;
			};
			name = Release;
		};
		FA8827BF1BB486D40025C71D /* Debug */ = {
			isa = XCBuildConfiguration;
			buildSettings = {
				ASSETCATALOG_COMPILER_APPICON_NAME = AppIcon;
				DEVELOPMENT_TEAM = "";
				ENABLE_BITCODE = NO;
				FRAMEWORK_SEARCH_PATHS = (
					"$(inherited)",
					"$(USER_LIBRARY_DIR)/Developer/Xcode/DerivedData/Ziggeo-bnnenouuadvymkarcecmbyxnnkby/Build/Products/Release-universal",
					"$(SRCROOT)/../Ziggeo/Output/Release-universal",
					"$(PROJECT_DIR)",
				);
				INFOPLIST_FILE = TestApp/Info.plist;
				LD_RUNPATH_SEARCH_PATHS = "$(inherited) @executable_path/Frameworks";
				PRODUCT_NAME = "$(TARGET_NAME)";
			};
			name = Debug;
		};
		FA8827C01BB486D40025C71D /* Release */ = {
			isa = XCBuildConfiguration;
			buildSettings = {
				ASSETCATALOG_COMPILER_APPICON_NAME = AppIcon;
				DEVELOPMENT_TEAM = "";
				ENABLE_BITCODE = NO;
				FRAMEWORK_SEARCH_PATHS = (
					"$(inherited)",
					"$(USER_LIBRARY_DIR)/Developer/Xcode/DerivedData/Ziggeo-bnnenouuadvymkarcecmbyxnnkby/Build/Products/Release-universal",
					"$(SRCROOT)/../Ziggeo/Output/Release-universal",
					"$(PROJECT_DIR)",
				);
				INFOPLIST_FILE = TestApp/Info.plist;
				LD_RUNPATH_SEARCH_PATHS = "$(inherited) @executable_path/Frameworks";
				PRODUCT_NAME = "$(TARGET_NAME)";
			};
			name = Release;
		};
/* End XCBuildConfiguration section */

/* Begin XCConfigurationList section */
		FA8827961BB486D40025C71D /* Build configuration list for PBXProject "TestApp" */ = {
			isa = XCConfigurationList;
			buildConfigurations = (
				FA8827BC1BB486D40025C71D /* Debug */,
				FA8827BD1BB486D40025C71D /* Release */,
			);
			defaultConfigurationIsVisible = 0;
			defaultConfigurationName = Release;
		};
		FA8827BE1BB486D40025C71D /* Build configuration list for PBXNativeTarget "TestApp" */ = {
			isa = XCConfigurationList;
			buildConfigurations = (
				FA8827BF1BB486D40025C71D /* Debug */,
				FA8827C01BB486D40025C71D /* Release */,
			);
			defaultConfigurationIsVisible = 0;
			defaultConfigurationName = Release;
		};
/* End XCConfigurationList section */
	};
	rootObject = FA8827931BB486D40025C71D /* Project object */;
}
