// !$*UTF8*$!
{
	archiveVersion = 1;
	classes = {
	};
	objectVersion = 55;
	objects = {

/* Begin PBXBuildFile section */
		640FCF3E798D07F36B033876 /* Pods_BroadcastExtension.framework in Frameworks */ = {isa = PBXBuildFile; fileRef = CE734401DF54652FE2A62DAD /* Pods_BroadcastExtension.framework */; };
		A274CF491AD91E37ED1199C7 /* Pods_ZiggeoDemo.framework in Frameworks */ = {isa = PBXBuildFile; fileRef = DADD182B3CCE50FCF4F7B798 /* Pods_ZiggeoDemo.framework */; };
		D8B31D3C28815FE300C03825 /* AppDelegate.swift in Sources */ = {isa = PBXBuildFile; fileRef = D8B31D3B28815FE300C03825 /* AppDelegate.swift */; };
		D8B31D4328815FE300C03825 /* Main.storyboard in Resources */ = {isa = PBXBuildFile; fileRef = D8B31D4128815FE300C03825 /* Main.storyboard */; };
		D8B31D4528815FE600C03825 /* Assets.xcassets in Resources */ = {isa = PBXBuildFile; fileRef = D8B31D4428815FE600C03825 /* Assets.xcassets */; };
		D8B31D4828815FE600C03825 /* LaunchScreen.storyboard in Resources */ = {isa = PBXBuildFile; fileRef = D8B31D4628815FE600C03825 /* LaunchScreen.storyboard */; };
		D8B31D7E2881613C00C03825 /* LogoCollectionViewCell.swift in Sources */ = {isa = PBXBuildFile; fileRef = D8B31D502881613B00C03825 /* LogoCollectionViewCell.swift */; };
		D8B31D7F2881613C00C03825 /* LogoCollectionViewCell.xib in Resources */ = {isa = PBXBuildFile; fileRef = D8B31D512881613B00C03825 /* LogoCollectionViewCell.xib */; };
		D8B31D802881613C00C03825 /* LogoCollectionViewTitleCell.xib in Resources */ = {isa = PBXBuildFile; fileRef = D8B31D522881613B00C03825 /* LogoCollectionViewTitleCell.xib */; };
		D8B31D812881613C00C03825 /* LogTableViewCell.swift in Sources */ = {isa = PBXBuildFile; fileRef = D8B31D532881613B00C03825 /* LogTableViewCell.swift */; };
		D8B31D822881613C00C03825 /* LogTableViewCell.xib in Resources */ = {isa = PBXBuildFile; fileRef = D8B31D542881613B00C03825 /* LogTableViewCell.xib */; };
		D8B31D832881613C00C03825 /* RecordingTableViewCell.swift in Sources */ = {isa = PBXBuildFile; fileRef = D8B31D552881613B00C03825 /* RecordingTableViewCell.swift */; };
		D8B31D842881613C00C03825 /* RecordingTableViewCell.xib in Resources */ = {isa = PBXBuildFile; fileRef = D8B31D562881613B00C03825 /* RecordingTableViewCell.xib */; };
		D8B31D852881613C00C03825 /* Double+Expansion.swift in Sources */ = {isa = PBXBuildFile; fileRef = D8B31D582881613B00C03825 /* Double+Expansion.swift */; };
		D8B31D862881613C00C03825 /* String+Expansion.swift in Sources */ = {isa = PBXBuildFile; fileRef = D8B31D592881613B00C03825 /* String+Expansion.swift */; };
		D8B31D872881613C00C03825 /* UIImageView+Expansion.swift in Sources */ = {isa = PBXBuildFile; fileRef = D8B31D5A2881613B00C03825 /* UIImageView+Expansion.swift */; };
		D8B31D882881613C00C03825 /* UIView+Expansion.swift in Sources */ = {isa = PBXBuildFile; fileRef = D8B31D5B2881613B00C03825 /* UIView+Expansion.swift */; };
		D8B31D892881613C00C03825 /* Common.swift in Sources */ = {isa = PBXBuildFile; fileRef = D8B31D5D2881613B00C03825 /* Common.swift */; };
		D8B31D8A2881613C00C03825 /* LogoData.swift in Sources */ = {isa = PBXBuildFile; fileRef = D8B31D5F2881613B00C03825 /* LogoData.swift */; };
		D8B31D9F2881613C00C03825 /* about.html in Resources */ = {isa = PBXBuildFile; fileRef = D8B31D7D2881613C00C03825 /* about.html */; };
		D8D480FD288FEEE700B5961A /* AuthViewController.swift in Sources */ = {isa = PBXBuildFile; fileRef = D8D480E5288FEEE700B5961A /* AuthViewController.swift */; };
		D8D480FE288FEEE700B5961A /* CustomVideoPlayer.swift in Sources */ = {isa = PBXBuildFile; fileRef = D8D480E7288FEEE700B5961A /* CustomVideoPlayer.swift */; };
		D8D480FF288FEEE700B5961A /* CustomVideoPlayer.xib in Resources */ = {isa = PBXBuildFile; fileRef = D8D480E8288FEEE700B5961A /* CustomVideoPlayer.xib */; };
		D8D48100288FEEE700B5961A /* CapturePreviewView.swift in Sources */ = {isa = PBXBuildFile; fileRef = D8D480EA288FEEE700B5961A /* CapturePreviewView.swift */; };
		D8D48101288FEEE700B5961A /* CustomVideoRecorder.swift in Sources */ = {isa = PBXBuildFile; fileRef = D8D480EB288FEEE700B5961A /* CustomVideoRecorder.swift */; };
		D8D48102288FEEE700B5961A /* CustomVideoRecorder.xib in Resources */ = {isa = PBXBuildFile; fileRef = D8D480EC288FEEE700B5961A /* CustomVideoRecorder.xib */; };
		D8D48103288FEEE700B5961A /* HomeViewController.swift in Sources */ = {isa = PBXBuildFile; fileRef = D8D480EE288FEEE700B5961A /* HomeViewController.swift */; };
		D8D48104288FEEE700B5961A /* RecordingAudiosViewController.swift in Sources */ = {isa = PBXBuildFile; fileRef = D8D480EF288FEEE700B5961A /* RecordingAudiosViewController.swift */; };
		D8D48105288FEEE700B5961A /* RecordingDetailViewController.swift in Sources */ = {isa = PBXBuildFile; fileRef = D8D480F0288FEEE700B5961A /* RecordingDetailViewController.swift */; };
		D8D48106288FEEE700B5961A /* RecordingImagesViewController.swift in Sources */ = {isa = PBXBuildFile; fileRef = D8D480F1288FEEE700B5961A /* RecordingImagesViewController.swift */; };
		D8D48107288FEEE700B5961A /* RecordingsViewController.swift in Sources */ = {isa = PBXBuildFile; fileRef = D8D480F2288FEEE700B5961A /* RecordingsViewController.swift */; };
		D8D48108288FEEE700B5961A /* RecordingVideosViewController.swift in Sources */ = {isa = PBXBuildFile; fileRef = D8D480F3288FEEE700B5961A /* RecordingVideosViewController.swift */; };
		D8D48109288FEEE700B5961A /* AboutViewController.swift in Sources */ = {isa = PBXBuildFile; fileRef = D8D480F5288FEEE700B5961A /* AboutViewController.swift */; };
		D8D4810A288FEEE700B5961A /* AvailableSdksViewController.swift in Sources */ = {isa = PBXBuildFile; fileRef = D8D480F6288FEEE700B5961A /* AvailableSdksViewController.swift */; };
		D8D4810B288FEEE700B5961A /* ContactUsViewController.swift in Sources */ = {isa = PBXBuildFile; fileRef = D8D480F7288FEEE700B5961A /* ContactUsViewController.swift */; };
		D8D4810C288FEEE700B5961A /* LogViewController.swift in Sources */ = {isa = PBXBuildFile; fileRef = D8D480F8288FEEE700B5961A /* LogViewController.swift */; };
		D8D4810D288FEEE700B5961A /* SettingsViewController.swift in Sources */ = {isa = PBXBuildFile; fileRef = D8D480F9288FEEE700B5961A /* SettingsViewController.swift */; };
		D8D4810E288FEEE700B5961A /* SideMenuViewController.swift in Sources */ = {isa = PBXBuildFile; fileRef = D8D480FA288FEEE700B5961A /* SideMenuViewController.swift */; };
		D8D4810F288FEEE700B5961A /* TopClientsViewController.swift in Sources */ = {isa = PBXBuildFile; fileRef = D8D480FB288FEEE700B5961A /* TopClientsViewController.swift */; };
		D8D48110288FEEE700B5961A /* VideoEditorViewController.swift in Sources */ = {isa = PBXBuildFile; fileRef = D8D480FC288FEEE700B5961A /* VideoEditorViewController.swift */; };
		D8DB96C229A66F26003A46F2 /* ReplayKit.framework in Frameworks */ = {isa = PBXBuildFile; fileRef = D8DB96C129A66F26003A46F2 /* ReplayKit.framework */; };
		D8DB96C529A66F26003A46F2 /* SampleHandler.swift in Sources */ = {isa = PBXBuildFile; fileRef = D8DB96C429A66F26003A46F2 /* SampleHandler.swift */; };
		D8DB96C929A66F26003A46F2 /* BroadcastExtension.appex in Embed App Extensions */ = {isa = PBXBuildFile; fileRef = D8DB96C029A66F26003A46F2 /* BroadcastExtension.appex */; settings = {ATTRIBUTES = (RemoveHeadersOnCopy, ); }; };
/* End PBXBuildFile section */

/* Begin PBXContainerItemProxy section */
		D8DB96C729A66F26003A46F2 /* PBXContainerItemProxy */ = {
			isa = PBXContainerItemProxy;
			containerPortal = D8B31D3028815FE300C03825 /* Project object */;
			proxyType = 1;
			remoteGlobalIDString = D8DB96BF29A66F26003A46F2;
			remoteInfo = BroadcastExtension;
		};
/* End PBXContainerItemProxy section */

/* Begin PBXCopyFilesBuildPhase section */
		D8DB96CD29A66F26003A46F2 /* Embed App Extensions */ = {
			isa = PBXCopyFilesBuildPhase;
			buildActionMask = 2147483647;
			dstPath = "";
			dstSubfolderSpec = 13;
			files = (
				D8DB96C929A66F26003A46F2 /* BroadcastExtension.appex in Embed App Extensions */,
			);
			name = "Embed App Extensions";
			runOnlyForDeploymentPostprocessing = 0;
		};
/* End PBXCopyFilesBuildPhase section */

/* Begin PBXFileReference section */
		1EA9B625C13E78809919DC2D /* Pods-ZiggeoDemo.release.xcconfig */ = {isa = PBXFileReference; includeInIndex = 1; lastKnownFileType = text.xcconfig; name = "Pods-ZiggeoDemo.release.xcconfig"; path = "Target Support Files/Pods-ZiggeoDemo/Pods-ZiggeoDemo.release.xcconfig"; sourceTree = "<group>"; };
		6EC717BFFD3CBCC331315321 /* Pods-ZiggeoDemo.debug.xcconfig */ = {isa = PBXFileReference; includeInIndex = 1; lastKnownFileType = text.xcconfig; name = "Pods-ZiggeoDemo.debug.xcconfig"; path = "Target Support Files/Pods-ZiggeoDemo/Pods-ZiggeoDemo.debug.xcconfig"; sourceTree = "<group>"; };
		8DED28B68335B6C1611E45F9 /* Pods-BroadcastExtension.release.xcconfig */ = {isa = PBXFileReference; includeInIndex = 1; lastKnownFileType = text.xcconfig; name = "Pods-BroadcastExtension.release.xcconfig"; path = "Target Support Files/Pods-BroadcastExtension/Pods-BroadcastExtension.release.xcconfig"; sourceTree = "<group>"; };
		A562FB59BCC7787E2EBC7064 /* Pods-BroadcastExtension.debug.xcconfig */ = {isa = PBXFileReference; includeInIndex = 1; lastKnownFileType = text.xcconfig; name = "Pods-BroadcastExtension.debug.xcconfig"; path = "Target Support Files/Pods-BroadcastExtension/Pods-BroadcastExtension.debug.xcconfig"; sourceTree = "<group>"; };
		CE734401DF54652FE2A62DAD /* Pods_BroadcastExtension.framework */ = {isa = PBXFileReference; explicitFileType = wrapper.framework; includeInIndex = 0; path = Pods_BroadcastExtension.framework; sourceTree = BUILT_PRODUCTS_DIR; };
		D8B31D3828815FE300C03825 /* ZiggeoDemo.app */ = {isa = PBXFileReference; explicitFileType = wrapper.application; includeInIndex = 0; path = ZiggeoDemo.app; sourceTree = BUILT_PRODUCTS_DIR; };
		D8B31D3B28815FE300C03825 /* AppDelegate.swift */ = {isa = PBXFileReference; lastKnownFileType = sourcecode.swift; path = AppDelegate.swift; sourceTree = "<group>"; };
		D8B31D4228815FE300C03825 /* Base */ = {isa = PBXFileReference; lastKnownFileType = file.storyboard; name = Base; path = Base.lproj/Main.storyboard; sourceTree = "<group>"; };
		D8B31D4428815FE600C03825 /* Assets.xcassets */ = {isa = PBXFileReference; lastKnownFileType = folder.assetcatalog; path = Assets.xcassets; sourceTree = "<group>"; };
		D8B31D4728815FE600C03825 /* Base */ = {isa = PBXFileReference; lastKnownFileType = file.storyboard; name = Base; path = Base.lproj/LaunchScreen.storyboard; sourceTree = "<group>"; };
		D8B31D4928815FE600C03825 /* Info.plist */ = {isa = PBXFileReference; lastKnownFileType = text.plist.xml; path = Info.plist; sourceTree = "<group>"; };
		D8B31D502881613B00C03825 /* LogoCollectionViewCell.swift */ = {isa = PBXFileReference; fileEncoding = 4; lastKnownFileType = sourcecode.swift; path = LogoCollectionViewCell.swift; sourceTree = "<group>"; };
		D8B31D512881613B00C03825 /* LogoCollectionViewCell.xib */ = {isa = PBXFileReference; fileEncoding = 4; lastKnownFileType = file.xib; path = LogoCollectionViewCell.xib; sourceTree = "<group>"; };
		D8B31D522881613B00C03825 /* LogoCollectionViewTitleCell.xib */ = {isa = PBXFileReference; fileEncoding = 4; lastKnownFileType = file.xib; path = LogoCollectionViewTitleCell.xib; sourceTree = "<group>"; };
		D8B31D532881613B00C03825 /* LogTableViewCell.swift */ = {isa = PBXFileReference; fileEncoding = 4; lastKnownFileType = sourcecode.swift; path = LogTableViewCell.swift; sourceTree = "<group>"; };
		D8B31D542881613B00C03825 /* LogTableViewCell.xib */ = {isa = PBXFileReference; fileEncoding = 4; lastKnownFileType = file.xib; path = LogTableViewCell.xib; sourceTree = "<group>"; };
		D8B31D552881613B00C03825 /* RecordingTableViewCell.swift */ = {isa = PBXFileReference; fileEncoding = 4; lastKnownFileType = sourcecode.swift; path = RecordingTableViewCell.swift; sourceTree = "<group>"; };
		D8B31D562881613B00C03825 /* RecordingTableViewCell.xib */ = {isa = PBXFileReference; fileEncoding = 4; lastKnownFileType = file.xib; path = RecordingTableViewCell.xib; sourceTree = "<group>"; };
		D8B31D582881613B00C03825 /* Double+Expansion.swift */ = {isa = PBXFileReference; fileEncoding = 4; lastKnownFileType = sourcecode.swift; path = "Double+Expansion.swift"; sourceTree = "<group>"; };
		D8B31D592881613B00C03825 /* String+Expansion.swift */ = {isa = PBXFileReference; fileEncoding = 4; lastKnownFileType = sourcecode.swift; path = "String+Expansion.swift"; sourceTree = "<group>"; };
		D8B31D5A2881613B00C03825 /* UIImageView+Expansion.swift */ = {isa = PBXFileReference; fileEncoding = 4; lastKnownFileType = sourcecode.swift; path = "UIImageView+Expansion.swift"; sourceTree = "<group>"; };
		D8B31D5B2881613B00C03825 /* UIView+Expansion.swift */ = {isa = PBXFileReference; fileEncoding = 4; lastKnownFileType = sourcecode.swift; path = "UIView+Expansion.swift"; sourceTree = "<group>"; };
		D8B31D5D2881613B00C03825 /* Common.swift */ = {isa = PBXFileReference; fileEncoding = 4; lastKnownFileType = sourcecode.swift; path = Common.swift; sourceTree = "<group>"; };
		D8B31D5F2881613B00C03825 /* LogoData.swift */ = {isa = PBXFileReference; fileEncoding = 4; lastKnownFileType = sourcecode.swift; path = LogoData.swift; sourceTree = "<group>"; };
		D8B31D7D2881613C00C03825 /* about.html */ = {isa = PBXFileReference; fileEncoding = 4; lastKnownFileType = text.html; path = about.html; sourceTree = "<group>"; };
		D8D480E5288FEEE700B5961A /* AuthViewController.swift */ = {isa = PBXFileReference; fileEncoding = 4; lastKnownFileType = sourcecode.swift; path = AuthViewController.swift; sourceTree = "<group>"; };
		D8D480E7288FEEE700B5961A /* CustomVideoPlayer.swift */ = {isa = PBXFileReference; fileEncoding = 4; lastKnownFileType = sourcecode.swift; path = CustomVideoPlayer.swift; sourceTree = "<group>"; };
		D8D480E8288FEEE700B5961A /* CustomVideoPlayer.xib */ = {isa = PBXFileReference; fileEncoding = 4; lastKnownFileType = file.xib; path = CustomVideoPlayer.xib; sourceTree = "<group>"; };
		D8D480EA288FEEE700B5961A /* CapturePreviewView.swift */ = {isa = PBXFileReference; fileEncoding = 4; lastKnownFileType = sourcecode.swift; path = CapturePreviewView.swift; sourceTree = "<group>"; };
		D8D480EB288FEEE700B5961A /* CustomVideoRecorder.swift */ = {isa = PBXFileReference; fileEncoding = 4; lastKnownFileType = sourcecode.swift; path = CustomVideoRecorder.swift; sourceTree = "<group>"; };
		D8D480EC288FEEE700B5961A /* CustomVideoRecorder.xib */ = {isa = PBXFileReference; fileEncoding = 4; lastKnownFileType = file.xib; path = CustomVideoRecorder.xib; sourceTree = "<group>"; };
		D8D480EE288FEEE700B5961A /* HomeViewController.swift */ = {isa = PBXFileReference; fileEncoding = 4; lastKnownFileType = sourcecode.swift; path = HomeViewController.swift; sourceTree = "<group>"; };
		D8D480EF288FEEE700B5961A /* RecordingAudiosViewController.swift */ = {isa = PBXFileReference; fileEncoding = 4; lastKnownFileType = sourcecode.swift; path = RecordingAudiosViewController.swift; sourceTree = "<group>"; };
		D8D480F0288FEEE700B5961A /* RecordingDetailViewController.swift */ = {isa = PBXFileReference; fileEncoding = 4; lastKnownFileType = sourcecode.swift; path = RecordingDetailViewController.swift; sourceTree = "<group>"; };
		D8D480F1288FEEE700B5961A /* RecordingImagesViewController.swift */ = {isa = PBXFileReference; fileEncoding = 4; lastKnownFileType = sourcecode.swift; path = RecordingImagesViewController.swift; sourceTree = "<group>"; };
		D8D480F2288FEEE700B5961A /* RecordingsViewController.swift */ = {isa = PBXFileReference; fileEncoding = 4; lastKnownFileType = sourcecode.swift; path = RecordingsViewController.swift; sourceTree = "<group>"; };
		D8D480F3288FEEE700B5961A /* RecordingVideosViewController.swift */ = {isa = PBXFileReference; fileEncoding = 4; lastKnownFileType = sourcecode.swift; path = RecordingVideosViewController.swift; sourceTree = "<group>"; };
		D8D480F5288FEEE700B5961A /* AboutViewController.swift */ = {isa = PBXFileReference; fileEncoding = 4; lastKnownFileType = sourcecode.swift; path = AboutViewController.swift; sourceTree = "<group>"; };
		D8D480F6288FEEE700B5961A /* AvailableSdksViewController.swift */ = {isa = PBXFileReference; fileEncoding = 4; lastKnownFileType = sourcecode.swift; path = AvailableSdksViewController.swift; sourceTree = "<group>"; };
		D8D480F7288FEEE700B5961A /* ContactUsViewController.swift */ = {isa = PBXFileReference; fileEncoding = 4; lastKnownFileType = sourcecode.swift; path = ContactUsViewController.swift; sourceTree = "<group>"; };
		D8D480F8288FEEE700B5961A /* LogViewController.swift */ = {isa = PBXFileReference; fileEncoding = 4; lastKnownFileType = sourcecode.swift; path = LogViewController.swift; sourceTree = "<group>"; };
		D8D480F9288FEEE700B5961A /* SettingsViewController.swift */ = {isa = PBXFileReference; fileEncoding = 4; lastKnownFileType = sourcecode.swift; path = SettingsViewController.swift; sourceTree = "<group>"; };
		D8D480FA288FEEE700B5961A /* SideMenuViewController.swift */ = {isa = PBXFileReference; fileEncoding = 4; lastKnownFileType = sourcecode.swift; path = SideMenuViewController.swift; sourceTree = "<group>"; };
		D8D480FB288FEEE700B5961A /* TopClientsViewController.swift */ = {isa = PBXFileReference; fileEncoding = 4; lastKnownFileType = sourcecode.swift; path = TopClientsViewController.swift; sourceTree = "<group>"; };
		D8D480FC288FEEE700B5961A /* VideoEditorViewController.swift */ = {isa = PBXFileReference; fileEncoding = 4; lastKnownFileType = sourcecode.swift; path = VideoEditorViewController.swift; sourceTree = "<group>"; };
		D8DB96C029A66F26003A46F2 /* BroadcastExtension.appex */ = {isa = PBXFileReference; explicitFileType = "wrapper.app-extension"; includeInIndex = 0; path = BroadcastExtension.appex; sourceTree = BUILT_PRODUCTS_DIR; };
		D8DB96C129A66F26003A46F2 /* ReplayKit.framework */ = {isa = PBXFileReference; lastKnownFileType = wrapper.framework; name = ReplayKit.framework; path = System/Library/Frameworks/ReplayKit.framework; sourceTree = SDKROOT; };
		D8DB96C429A66F26003A46F2 /* SampleHandler.swift */ = {isa = PBXFileReference; lastKnownFileType = sourcecode.swift; path = SampleHandler.swift; sourceTree = "<group>"; };
		D8DB96C629A66F26003A46F2 /* Info.plist */ = {isa = PBXFileReference; lastKnownFileType = text.plist.xml; path = Info.plist; sourceTree = "<group>"; };
		D8DB96CE29A66F2F003A46F2 /* BroadcastExtension.entitlements */ = {isa = PBXFileReference; lastKnownFileType = text.plist.entitlements; path = BroadcastExtension.entitlements; sourceTree = "<group>"; };
		D8DB96CF29A66F61003A46F2 /* ZiggeoDemo.entitlements */ = {isa = PBXFileReference; lastKnownFileType = text.plist.entitlements; path = ZiggeoDemo.entitlements; sourceTree = "<group>"; };
		DADD182B3CCE50FCF4F7B798 /* Pods_ZiggeoDemo.framework */ = {isa = PBXFileReference; explicitFileType = wrapper.framework; includeInIndex = 0; path = Pods_ZiggeoDemo.framework; sourceTree = BUILT_PRODUCTS_DIR; };
/* End PBXFileReference section */

/* Begin PBXFrameworksBuildPhase section */
		D8B31D3528815FE300C03825 /* Frameworks */ = {
			isa = PBXFrameworksBuildPhase;
			buildActionMask = 2147483647;
			files = (
				A274CF491AD91E37ED1199C7 /* Pods_ZiggeoDemo.framework in Frameworks */,
			);
			runOnlyForDeploymentPostprocessing = 0;
		};
		D8DB96BD29A66F26003A46F2 /* Frameworks */ = {
			isa = PBXFrameworksBuildPhase;
			buildActionMask = 2147483647;
			files = (
				D8DB96C229A66F26003A46F2 /* ReplayKit.framework in Frameworks */,
				640FCF3E798D07F36B033876 /* Pods_BroadcastExtension.framework in Frameworks */,
			);
			runOnlyForDeploymentPostprocessing = 0;
		};
/* End PBXFrameworksBuildPhase section */

/* Begin PBXGroup section */
		2F63715C75F3BD00ADB67D37 /* Frameworks */ = {
			isa = PBXGroup;
			children = (
				D8DB96C129A66F26003A46F2 /* ReplayKit.framework */,
				CE734401DF54652FE2A62DAD /* Pods_BroadcastExtension.framework */,
				DADD182B3CCE50FCF4F7B798 /* Pods_ZiggeoDemo.framework */,
			);
			name = Frameworks;
			sourceTree = "<group>";
		};
		6F09F3AD468DD01E61DF4010 /* Pods */ = {
			isa = PBXGroup;
			children = (
				A562FB59BCC7787E2EBC7064 /* Pods-BroadcastExtension.debug.xcconfig */,
				8DED28B68335B6C1611E45F9 /* Pods-BroadcastExtension.release.xcconfig */,
				6EC717BFFD3CBCC331315321 /* Pods-ZiggeoDemo.debug.xcconfig */,
				1EA9B625C13E78809919DC2D /* Pods-ZiggeoDemo.release.xcconfig */,
			);
			path = Pods;
			sourceTree = "<group>";
		};
		D8B31D2F28815FE300C03825 = {
			isa = PBXGroup;
			children = (
				D8B31D3A28815FE300C03825 /* ZiggeoDemo */,
				D8DB96C329A66F26003A46F2 /* BroadcastExtension */,
				D8B31D3928815FE300C03825 /* Products */,
				6F09F3AD468DD01E61DF4010 /* Pods */,
				2F63715C75F3BD00ADB67D37 /* Frameworks */,
			);
			sourceTree = "<group>";
		};
		D8B31D3928815FE300C03825 /* Products */ = {
			isa = PBXGroup;
			children = (
				D8B31D3828815FE300C03825 /* ZiggeoDemo.app */,
				D8DB96C029A66F26003A46F2 /* BroadcastExtension.appex */,
			);
			name = Products;
			sourceTree = "<group>";
		};
		D8B31D3A28815FE300C03825 /* ZiggeoDemo */ = {
			isa = PBXGroup;
			children = (
				D8DB96CF29A66F61003A46F2 /* ZiggeoDemo.entitlements */,
				D8B31D3B28815FE300C03825 /* AppDelegate.swift */,
				D8D480E3288FEEE700B5961A /* ViewControllers */,
				D8B31D5C2881613B00C03825 /* Common */,
				D8B31D572881613B00C03825 /* Expansion */,
				D8B31D5E2881613B00C03825 /* Models */,
				D8B31D7B2881613C00C03825 /* Resources */,
				D8B31D4F2881613B00C03825 /* ViewCells */,
				D8B31D4128815FE300C03825 /* Main.storyboard */,
				D8B31D4428815FE600C03825 /* Assets.xcassets */,
				D8B31D4628815FE600C03825 /* LaunchScreen.storyboard */,
				D8B31D4928815FE600C03825 /* Info.plist */,
			);
			path = ZiggeoDemo;
			sourceTree = "<group>";
		};
		D8B31D4F2881613B00C03825 /* ViewCells */ = {
			isa = PBXGroup;
			children = (
				D8B31D502881613B00C03825 /* LogoCollectionViewCell.swift */,
				D8B31D512881613B00C03825 /* LogoCollectionViewCell.xib */,
				D8B31D522881613B00C03825 /* LogoCollectionViewTitleCell.xib */,
				D8B31D532881613B00C03825 /* LogTableViewCell.swift */,
				D8B31D542881613B00C03825 /* LogTableViewCell.xib */,
				D8B31D552881613B00C03825 /* RecordingTableViewCell.swift */,
				D8B31D562881613B00C03825 /* RecordingTableViewCell.xib */,
			);
			path = ViewCells;
			sourceTree = "<group>";
		};
		D8B31D572881613B00C03825 /* Expansion */ = {
			isa = PBXGroup;
			children = (
				D8B31D582881613B00C03825 /* Double+Expansion.swift */,
				D8B31D592881613B00C03825 /* String+Expansion.swift */,
				D8B31D5A2881613B00C03825 /* UIImageView+Expansion.swift */,
				D8B31D5B2881613B00C03825 /* UIView+Expansion.swift */,
			);
			path = Expansion;
			sourceTree = "<group>";
		};
		D8B31D5C2881613B00C03825 /* Common */ = {
			isa = PBXGroup;
			children = (
				D8B31D5D2881613B00C03825 /* Common.swift */,
			);
			path = Common;
			sourceTree = "<group>";
		};
		D8B31D5E2881613B00C03825 /* Models */ = {
			isa = PBXGroup;
			children = (
				D8B31D5F2881613B00C03825 /* LogoData.swift */,
			);
			path = Models;
			sourceTree = "<group>";
		};
		D8B31D7B2881613C00C03825 /* Resources */ = {
			isa = PBXGroup;
			children = (
				D8B31D7C2881613C00C03825 /* html */,
			);
			path = Resources;
			sourceTree = "<group>";
		};
		D8B31D7C2881613C00C03825 /* html */ = {
			isa = PBXGroup;
			children = (
				D8B31D7D2881613C00C03825 /* about.html */,
			);
			path = html;
			sourceTree = "<group>";
		};
		D8D480E3288FEEE700B5961A /* ViewControllers */ = {
			isa = PBXGroup;
			children = (
				D8D480E4288FEEE700B5961A /* Auth */,
				D8D480E6288FEEE700B5961A /* CustomVideoPlayer */,
				D8D480E9288FEEE700B5961A /* CustomVideoRecorder */,
				D8D480ED288FEEE700B5961A /* Home */,
				D8D480F4288FEEE700B5961A /* SideMenu */,
			);
			path = ViewControllers;
			sourceTree = "<group>";
		};
		D8D480E4288FEEE700B5961A /* Auth */ = {
			isa = PBXGroup;
			children = (
				D8D480E5288FEEE700B5961A /* AuthViewController.swift */,
			);
			path = Auth;
			sourceTree = "<group>";
		};
		D8D480E6288FEEE700B5961A /* CustomVideoPlayer */ = {
			isa = PBXGroup;
			children = (
				D8D480E7288FEEE700B5961A /* CustomVideoPlayer.swift */,
				D8D480E8288FEEE700B5961A /* CustomVideoPlayer.xib */,
			);
			path = CustomVideoPlayer;
			sourceTree = "<group>";
		};
		D8D480E9288FEEE700B5961A /* CustomVideoRecorder */ = {
			isa = PBXGroup;
			children = (
				D8D480EA288FEEE700B5961A /* CapturePreviewView.swift */,
				D8D480EB288FEEE700B5961A /* CustomVideoRecorder.swift */,
				D8D480EC288FEEE700B5961A /* CustomVideoRecorder.xib */,
			);
			path = CustomVideoRecorder;
			sourceTree = "<group>";
		};
		D8D480ED288FEEE700B5961A /* Home */ = {
			isa = PBXGroup;
			children = (
				D8D480EE288FEEE700B5961A /* HomeViewController.swift */,
				D8D480F0288FEEE700B5961A /* RecordingDetailViewController.swift */,
				D8D480F2288FEEE700B5961A /* RecordingsViewController.swift */,
				D8D480F3288FEEE700B5961A /* RecordingVideosViewController.swift */,
				D8D480EF288FEEE700B5961A /* RecordingAudiosViewController.swift */,
				D8D480F1288FEEE700B5961A /* RecordingImagesViewController.swift */,
			);
			path = Home;
			sourceTree = "<group>";
		};
		D8D480F4288FEEE700B5961A /* SideMenu */ = {
			isa = PBXGroup;
			children = (
				D8D480F5288FEEE700B5961A /* AboutViewController.swift */,
				D8D480F6288FEEE700B5961A /* AvailableSdksViewController.swift */,
				D8D480F7288FEEE700B5961A /* ContactUsViewController.swift */,
				D8D480F8288FEEE700B5961A /* LogViewController.swift */,
				D8D480F9288FEEE700B5961A /* SettingsViewController.swift */,
				D8D480FA288FEEE700B5961A /* SideMenuViewController.swift */,
				D8D480FB288FEEE700B5961A /* TopClientsViewController.swift */,
				D8D480FC288FEEE700B5961A /* VideoEditorViewController.swift */,
			);
			path = SideMenu;
			sourceTree = "<group>";
		};
		D8DB96C329A66F26003A46F2 /* BroadcastExtension */ = {
			isa = PBXGroup;
			children = (
				D8DB96CE29A66F2F003A46F2 /* BroadcastExtension.entitlements */,
				D8DB96C429A66F26003A46F2 /* SampleHandler.swift */,
				D8DB96C629A66F26003A46F2 /* Info.plist */,
			);
			path = BroadcastExtension;
			sourceTree = "<group>";
		};
/* End PBXGroup section */

/* Begin PBXNativeTarget section */
		D8B31D3728815FE300C03825 /* ZiggeoDemo */ = {
			isa = PBXNativeTarget;
			buildConfigurationList = D8B31D4C28815FE600C03825 /* Build configuration list for PBXNativeTarget "ZiggeoDemo" */;
			buildPhases = (
				DE13637D6A9ACFEF64AB66E4 /* [CP] Check Pods Manifest.lock */,
				D8B31D3428815FE300C03825 /* Sources */,
				D8B31D3528815FE300C03825 /* Frameworks */,
				D8B31D3628815FE300C03825 /* Resources */,
				D8DB96CD29A66F26003A46F2 /* Embed App Extensions */,
				E2B92ED54936DBEEC17C2CAA /* [CP] Embed Pods Frameworks */,
			);
			buildRules = (
			);
			dependencies = (
				D8DB96C829A66F26003A46F2 /* PBXTargetDependency */,
			);
			name = ZiggeoDemo;
			productName = ZiggeoDemo;
			productReference = D8B31D3828815FE300C03825 /* ZiggeoDemo.app */;
			productType = "com.apple.product-type.application";
		};
		D8DB96BF29A66F26003A46F2 /* BroadcastExtension */ = {
			isa = PBXNativeTarget;
			buildConfigurationList = D8DB96CA29A66F26003A46F2 /* Build configuration list for PBXNativeTarget "BroadcastExtension" */;
			buildPhases = (
				12A26BA36C6C7FF3B4660C41 /* [CP] Check Pods Manifest.lock */,
				D8DB96BC29A66F26003A46F2 /* Sources */,
				D8DB96BD29A66F26003A46F2 /* Frameworks */,
				D8DB96BE29A66F26003A46F2 /* Resources */,
			);
			buildRules = (
			);
			dependencies = (
			);
			name = BroadcastExtension;
			productName = BroadcastExtension;
			productReference = D8DB96C029A66F26003A46F2 /* BroadcastExtension.appex */;
			productType = "com.apple.product-type.app-extension";
		};
/* End PBXNativeTarget section */

/* Begin PBXProject section */
		D8B31D3028815FE300C03825 /* Project object */ = {
			isa = PBXProject;
			attributes = {
				BuildIndependentTargetsInParallel = 1;
				LastSwiftUpdateCheck = 1320;
				LastUpgradeCheck = 1320;
				TargetAttributes = {
					D8B31D3728815FE300C03825 = {
						CreatedOnToolsVersion = 13.2.1;
					};
					D8DB96BF29A66F26003A46F2 = {
						CreatedOnToolsVersion = 13.2.1;
					};
				};
			};
			buildConfigurationList = D8B31D3328815FE300C03825 /* Build configuration list for PBXProject "ZiggeoDemo" */;
			compatibilityVersion = "Xcode 13.0";
			developmentRegion = en;
			hasScannedForEncodings = 0;
			knownRegions = (
				en,
				Base,
			);
			mainGroup = D8B31D2F28815FE300C03825;
			productRefGroup = D8B31D3928815FE300C03825 /* Products */;
			projectDirPath = "";
			projectRoot = "";
			targets = (
				D8B31D3728815FE300C03825 /* ZiggeoDemo */,
				D8DB96BF29A66F26003A46F2 /* BroadcastExtension */,
			);
		};
/* End PBXProject section */

/* Begin PBXResourcesBuildPhase section */
		D8B31D3628815FE300C03825 /* Resources */ = {
			isa = PBXResourcesBuildPhase;
			buildActionMask = 2147483647;
			files = (
				D8B31D4828815FE600C03825 /* LaunchScreen.storyboard in Resources */,
				D8B31D4528815FE600C03825 /* Assets.xcassets in Resources */,
				D8B31D4328815FE300C03825 /* Main.storyboard in Resources */,
				D8D480FF288FEEE700B5961A /* CustomVideoPlayer.xib in Resources */,
				D8B31D802881613C00C03825 /* LogoCollectionViewTitleCell.xib in Resources */,
				D8B31D842881613C00C03825 /* RecordingTableViewCell.xib in Resources */,
				D8B31D822881613C00C03825 /* LogTableViewCell.xib in Resources */,
				D8B31D9F2881613C00C03825 /* about.html in Resources */,
				D8D48102288FEEE700B5961A /* CustomVideoRecorder.xib in Resources */,
				D8B31D7F2881613C00C03825 /* LogoCollectionViewCell.xib in Resources */,
			);
			runOnlyForDeploymentPostprocessing = 0;
		};
		D8DB96BE29A66F26003A46F2 /* Resources */ = {
			isa = PBXResourcesBuildPhase;
			buildActionMask = 2147483647;
			files = (
			);
			runOnlyForDeploymentPostprocessing = 0;
		};
/* End PBXResourcesBuildPhase section */

/* Begin PBXShellScriptBuildPhase section */
		12A26BA36C6C7FF3B4660C41 /* [CP] Check Pods Manifest.lock */ = {
			isa = PBXShellScriptBuildPhase;
			buildActionMask = 2147483647;
			files = (
			);
			inputFileListPaths = (
			);
			inputPaths = (
				"${PODS_PODFILE_DIR_PATH}/Podfile.lock",
				"${PODS_ROOT}/Manifest.lock",
			);
			name = "[CP] Check Pods Manifest.lock";
			outputFileListPaths = (
			);
			outputPaths = (
				"$(DERIVED_FILE_DIR)/Pods-BroadcastExtension-checkManifestLockResult.txt",
			);
			runOnlyForDeploymentPostprocessing = 0;
			shellPath = /bin/sh;
			shellScript = "diff \"${PODS_PODFILE_DIR_PATH}/Podfile.lock\" \"${PODS_ROOT}/Manifest.lock\" > /dev/null\nif [ $? != 0 ] ; then\n    # print error to STDERR\n    echo \"error: The sandbox is not in sync with the Podfile.lock. Run 'pod install' or update your CocoaPods installation.\" >&2\n    exit 1\nfi\n# This output is used by Xcode 'outputs' to avoid re-running this script phase.\necho \"SUCCESS\" > \"${SCRIPT_OUTPUT_FILE_0}\"\n";
			showEnvVarsInLog = 0;
		};
		DE13637D6A9ACFEF64AB66E4 /* [CP] Check Pods Manifest.lock */ = {
			isa = PBXShellScriptBuildPhase;
			buildActionMask = 2147483647;
			files = (
			);
			inputFileListPaths = (
			);
			inputPaths = (
				"${PODS_PODFILE_DIR_PATH}/Podfile.lock",
				"${PODS_ROOT}/Manifest.lock",
			);
			name = "[CP] Check Pods Manifest.lock";
			outputFileListPaths = (
			);
			outputPaths = (
				"$(DERIVED_FILE_DIR)/Pods-ZiggeoDemo-checkManifestLockResult.txt",
			);
			runOnlyForDeploymentPostprocessing = 0;
			shellPath = /bin/sh;
			shellScript = "diff \"${PODS_PODFILE_DIR_PATH}/Podfile.lock\" \"${PODS_ROOT}/Manifest.lock\" > /dev/null\nif [ $? != 0 ] ; then\n    # print error to STDERR\n    echo \"error: The sandbox is not in sync with the Podfile.lock. Run 'pod install' or update your CocoaPods installation.\" >&2\n    exit 1\nfi\n# This output is used by Xcode 'outputs' to avoid re-running this script phase.\necho \"SUCCESS\" > \"${SCRIPT_OUTPUT_FILE_0}\"\n";
			showEnvVarsInLog = 0;
		};
		E2B92ED54936DBEEC17C2CAA /* [CP] Embed Pods Frameworks */ = {
			isa = PBXShellScriptBuildPhase;
			buildActionMask = 2147483647;
			files = (
			);
			inputFileListPaths = (
				"${PODS_ROOT}/Target Support Files/Pods-ZiggeoDemo/Pods-ZiggeoDemo-frameworks-${CONFIGURATION}-input-files.xcfilelist",
			);
			name = "[CP] Embed Pods Frameworks";
			outputFileListPaths = (
				"${PODS_ROOT}/Target Support Files/Pods-ZiggeoDemo/Pods-ZiggeoDemo-frameworks-${CONFIGURATION}-output-files.xcfilelist",
			);
			runOnlyForDeploymentPostprocessing = 0;
			shellPath = /bin/sh;
			shellScript = "\"${PODS_ROOT}/Target Support Files/Pods-ZiggeoDemo/Pods-ZiggeoDemo-frameworks.sh\"\n";
			showEnvVarsInLog = 0;
		};
/* End PBXShellScriptBuildPhase section */

/* Begin PBXSourcesBuildPhase section */
		D8B31D3428815FE300C03825 /* Sources */ = {
			isa = PBXSourcesBuildPhase;
			buildActionMask = 2147483647;
			files = (
				D8D48106288FEEE700B5961A /* RecordingImagesViewController.swift in Sources */,
				D8D4810A288FEEE700B5961A /* AvailableSdksViewController.swift in Sources */,
				D8D480FD288FEEE700B5961A /* AuthViewController.swift in Sources */,
				D8D4810F288FEEE700B5961A /* TopClientsViewController.swift in Sources */,
				D8D4810C288FEEE700B5961A /* LogViewController.swift in Sources */,
				D8B31D812881613C00C03825 /* LogTableViewCell.swift in Sources */,
				D8D48109288FEEE700B5961A /* AboutViewController.swift in Sources */,
				D8B31D3C28815FE300C03825 /* AppDelegate.swift in Sources */,
				D8B31D882881613C00C03825 /* UIView+Expansion.swift in Sources */,
				D8D4810D288FEEE700B5961A /* SettingsViewController.swift in Sources */,
				D8B31D7E2881613C00C03825 /* LogoCollectionViewCell.swift in Sources */,
				D8D48110288FEEE700B5961A /* VideoEditorViewController.swift in Sources */,
				D8D48103288FEEE700B5961A /* HomeViewController.swift in Sources */,
				D8D480FE288FEEE700B5961A /* CustomVideoPlayer.swift in Sources */,
				D8D48104288FEEE700B5961A /* RecordingAudiosViewController.swift in Sources */,
				D8D48101288FEEE700B5961A /* CustomVideoRecorder.swift in Sources */,
				D8D4810B288FEEE700B5961A /* ContactUsViewController.swift in Sources */,
				D8B31D892881613C00C03825 /* Common.swift in Sources */,
				D8D4810E288FEEE700B5961A /* SideMenuViewController.swift in Sources */,
				D8B31D872881613C00C03825 /* UIImageView+Expansion.swift in Sources */,
				D8D48107288FEEE700B5961A /* RecordingsViewController.swift in Sources */,
				D8D48105288FEEE700B5961A /* RecordingDetailViewController.swift in Sources */,
				D8B31D8A2881613C00C03825 /* LogoData.swift in Sources */,
				D8B31D852881613C00C03825 /* Double+Expansion.swift in Sources */,
				D8D48108288FEEE700B5961A /* RecordingVideosViewController.swift in Sources */,
				D8B31D862881613C00C03825 /* String+Expansion.swift in Sources */,
				D8B31D832881613C00C03825 /* RecordingTableViewCell.swift in Sources */,
				D8D48100288FEEE700B5961A /* CapturePreviewView.swift in Sources */,
			);
			runOnlyForDeploymentPostprocessing = 0;
		};
		D8DB96BC29A66F26003A46F2 /* Sources */ = {
			isa = PBXSourcesBuildPhase;
			buildActionMask = 2147483647;
			files = (
				D8DB96C529A66F26003A46F2 /* SampleHandler.swift in Sources */,
			);
			runOnlyForDeploymentPostprocessing = 0;
		};
/* End PBXSourcesBuildPhase section */

/* Begin PBXTargetDependency section */
		D8DB96C829A66F26003A46F2 /* PBXTargetDependency */ = {
			isa = PBXTargetDependency;
			target = D8DB96BF29A66F26003A46F2 /* BroadcastExtension */;
			targetProxy = D8DB96C729A66F26003A46F2 /* PBXContainerItemProxy */;
		};
/* End PBXTargetDependency section */

/* Begin PBXVariantGroup section */
		D8B31D4128815FE300C03825 /* Main.storyboard */ = {
			isa = PBXVariantGroup;
			children = (
				D8B31D4228815FE300C03825 /* Base */,
			);
			name = Main.storyboard;
			sourceTree = "<group>";
		};
		D8B31D4628815FE600C03825 /* LaunchScreen.storyboard */ = {
			isa = PBXVariantGroup;
			children = (
				D8B31D4728815FE600C03825 /* Base */,
			);
			name = LaunchScreen.storyboard;
			sourceTree = "<group>";
		};
/* End PBXVariantGroup section */

/* Begin XCBuildConfiguration section */
		D8B31D4A28815FE600C03825 /* Debug */ = {
			isa = XCBuildConfiguration;
			buildSettings = {
				ALWAYS_SEARCH_USER_PATHS = NO;
				CLANG_ANALYZER_NONNULL = YES;
				CLANG_ANALYZER_NUMBER_OBJECT_CONVERSION = YES_AGGRESSIVE;
				CLANG_CXX_LANGUAGE_STANDARD = "gnu++17";
				CLANG_CXX_LIBRARY = "libc++";
				CLANG_ENABLE_MODULES = YES;
				CLANG_ENABLE_OBJC_ARC = YES;
				CLANG_ENABLE_OBJC_WEAK = YES;
				CLANG_WARN_BLOCK_CAPTURE_AUTORELEASING = YES;
				CLANG_WARN_BOOL_CONVERSION = YES;
				CLANG_WARN_COMMA = YES;
				CLANG_WARN_CONSTANT_CONVERSION = YES;
				CLANG_WARN_DEPRECATED_OBJC_IMPLEMENTATIONS = YES;
				CLANG_WARN_DIRECT_OBJC_ISA_USAGE = YES_ERROR;
				CLANG_WARN_DOCUMENTATION_COMMENTS = YES;
				CLANG_WARN_EMPTY_BODY = YES;
				CLANG_WARN_ENUM_CONVERSION = YES;
				CLANG_WARN_INFINITE_RECURSION = YES;
				CLANG_WARN_INT_CONVERSION = YES;
				CLANG_WARN_NON_LITERAL_NULL_CONVERSION = YES;
				CLANG_WARN_OBJC_IMPLICIT_RETAIN_SELF = YES;
				CLANG_WARN_OBJC_LITERAL_CONVERSION = YES;
				CLANG_WARN_OBJC_ROOT_CLASS = YES_ERROR;
				CLANG_WARN_QUOTED_INCLUDE_IN_FRAMEWORK_HEADER = YES;
				CLANG_WARN_RANGE_LOOP_ANALYSIS = YES;
				CLANG_WARN_STRICT_PROTOTYPES = YES;
				CLANG_WARN_SUSPICIOUS_MOVE = YES;
				CLANG_WARN_UNGUARDED_AVAILABILITY = YES_AGGRESSIVE;
				CLANG_WARN_UNREACHABLE_CODE = YES;
				CLANG_WARN__DUPLICATE_METHOD_MATCH = YES;
				COPY_PHASE_STRIP = NO;
				DEBUG_INFORMATION_FORMAT = dwarf;
				ENABLE_STRICT_OBJC_MSGSEND = YES;
				ENABLE_TESTABILITY = YES;
				GCC_C_LANGUAGE_STANDARD = gnu11;
				GCC_DYNAMIC_NO_PIC = NO;
				GCC_NO_COMMON_BLOCKS = YES;
				GCC_OPTIMIZATION_LEVEL = 0;
				GCC_PREPROCESSOR_DEFINITIONS = (
					"DEBUG=1",
					"$(inherited)",
				);
				GCC_WARN_64_TO_32_BIT_CONVERSION = YES;
				GCC_WARN_ABOUT_RETURN_TYPE = YES_ERROR;
				GCC_WARN_UNDECLARED_SELECTOR = YES;
				GCC_WARN_UNINITIALIZED_AUTOS = YES_AGGRESSIVE;
				GCC_WARN_UNUSED_FUNCTION = YES;
				GCC_WARN_UNUSED_VARIABLE = YES;
				IPHONEOS_DEPLOYMENT_TARGET = 15.2;
				MTL_ENABLE_DEBUG_INFO = INCLUDE_SOURCE;
				MTL_FAST_MATH = YES;
				ONLY_ACTIVE_ARCH = YES;
				SDKROOT = iphoneos;
				SWIFT_ACTIVE_COMPILATION_CONDITIONS = DEBUG;
				SWIFT_OPTIMIZATION_LEVEL = "-Onone";
			};
			name = Debug;
		};
		D8B31D4B28815FE600C03825 /* Release */ = {
			isa = XCBuildConfiguration;
			buildSettings = {
				ALWAYS_SEARCH_USER_PATHS = NO;
				CLANG_ANALYZER_NONNULL = YES;
				CLANG_ANALYZER_NUMBER_OBJECT_CONVERSION = YES_AGGRESSIVE;
				CLANG_CXX_LANGUAGE_STANDARD = "gnu++17";
				CLANG_CXX_LIBRARY = "libc++";
				CLANG_ENABLE_MODULES = YES;
				CLANG_ENABLE_OBJC_ARC = YES;
				CLANG_ENABLE_OBJC_WEAK = YES;
				CLANG_WARN_BLOCK_CAPTURE_AUTORELEASING = YES;
				CLANG_WARN_BOOL_CONVERSION = YES;
				CLANG_WARN_COMMA = YES;
				CLANG_WARN_CONSTANT_CONVERSION = YES;
				CLANG_WARN_DEPRECATED_OBJC_IMPLEMENTATIONS = YES;
				CLANG_WARN_DIRECT_OBJC_ISA_USAGE = YES_ERROR;
				CLANG_WARN_DOCUMENTATION_COMMENTS = YES;
				CLANG_WARN_EMPTY_BODY = YES;
				CLANG_WARN_ENUM_CONVERSION = YES;
				CLANG_WARN_INFINITE_RECURSION = YES;
				CLANG_WARN_INT_CONVERSION = YES;
				CLANG_WARN_NON_LITERAL_NULL_CONVERSION = YES;
				CLANG_WARN_OBJC_IMPLICIT_RETAIN_SELF = YES;
				CLANG_WARN_OBJC_LITERAL_CONVERSION = YES;
				CLANG_WARN_OBJC_ROOT_CLASS = YES_ERROR;
				CLANG_WARN_QUOTED_INCLUDE_IN_FRAMEWORK_HEADER = YES;
				CLANG_WARN_RANGE_LOOP_ANALYSIS = YES;
				CLANG_WARN_STRICT_PROTOTYPES = YES;
				CLANG_WARN_SUSPICIOUS_MOVE = YES;
				CLANG_WARN_UNGUARDED_AVAILABILITY = YES_AGGRESSIVE;
				CLANG_WARN_UNREACHABLE_CODE = YES;
				CLANG_WARN__DUPLICATE_METHOD_MATCH = YES;
				COPY_PHASE_STRIP = NO;
				DEBUG_INFORMATION_FORMAT = "dwarf-with-dsym";
				ENABLE_NS_ASSERTIONS = NO;
				ENABLE_STRICT_OBJC_MSGSEND = YES;
				GCC_C_LANGUAGE_STANDARD = gnu11;
				GCC_NO_COMMON_BLOCKS = YES;
				GCC_WARN_64_TO_32_BIT_CONVERSION = YES;
				GCC_WARN_ABOUT_RETURN_TYPE = YES_ERROR;
				GCC_WARN_UNDECLARED_SELECTOR = YES;
				GCC_WARN_UNINITIALIZED_AUTOS = YES_AGGRESSIVE;
				GCC_WARN_UNUSED_FUNCTION = YES;
				GCC_WARN_UNUSED_VARIABLE = YES;
				IPHONEOS_DEPLOYMENT_TARGET = 15.2;
				MTL_ENABLE_DEBUG_INFO = NO;
				MTL_FAST_MATH = YES;
				SDKROOT = iphoneos;
				SWIFT_COMPILATION_MODE = wholemodule;
				SWIFT_OPTIMIZATION_LEVEL = "-O";
				VALIDATE_PRODUCT = YES;
			};
			name = Release;
		};
		D8B31D4D28815FE600C03825 /* Debug */ = {
			isa = XCBuildConfiguration;
			baseConfigurationReference = 6EC717BFFD3CBCC331315321 /* Pods-ZiggeoDemo.debug.xcconfig */;
			buildSettings = {
				ALWAYS_EMBED_SWIFT_STANDARD_LIBRARIES = YES;
				ASSETCATALOG_COMPILER_APPICON_NAME = AppIcon;
				ASSETCATALOG_COMPILER_GLOBAL_ACCENT_COLOR_NAME = AccentColor;
				CODE_SIGN_ENTITLEMENTS = ZiggeoDemo/ZiggeoDemo.entitlements;
				CODE_SIGN_STYLE = Automatic;
				CURRENT_PROJECT_VERSION = 1;
				DEVELOPMENT_TEAM = 7C9963Q3QW;
				ENABLE_BITCODE = NO;
				"EXCLUDED_ARCHS[sdk=iphonesimulator*]" = arm64;
				FRAMEWORK_SEARCH_PATHS = (
					"$(inherited)",
					"$(PROJECT_DIR)",
				);
				GENERATE_INFOPLIST_FILE = YES;
				INFOPLIST_FILE = ZiggeoDemo/Info.plist;
				INFOPLIST_KEY_NSCameraUsageDescription = "Application will be able to record video";
				INFOPLIST_KEY_NSMicrophoneUsageDescription = "Application will be able to record audio";
				INFOPLIST_KEY_NSPhotoLibraryUsageDescription = "Application will be able to upload existing videos";
				INFOPLIST_KEY_UIApplicationSupportsIndirectInputEvents = YES;
				INFOPLIST_KEY_UILaunchStoryboardName = LaunchScreen;
				INFOPLIST_KEY_UIMainStoryboardFile = Main;
				INFOPLIST_KEY_UISupportedInterfaceOrientations_iPad = "UIInterfaceOrientationPortrait UIInterfaceOrientationPortraitUpsideDown UIInterfaceOrientationLandscapeLeft UIInterfaceOrientationLandscapeRight";
				INFOPLIST_KEY_UISupportedInterfaceOrientations_iPhone = "UIInterfaceOrientationPortrait UIInterfaceOrientationLandscapeLeft UIInterfaceOrientationLandscapeRight";
				INFOPLIST_KEY_UIUserInterfaceStyle = Light;
				IPHONEOS_DEPLOYMENT_TARGET = 11.0;
				LD_RUNPATH_SEARCH_PATHS = (
					"$(inherited)",
					"@executable_path/Frameworks",
				);
				MARKETING_VERSION = "1.1.41-blurring";
				PRODUCT_BUNDLE_IDENTIFIER = com.ziggeo.demo;
				PRODUCT_NAME = "$(TARGET_NAME)";
				SWIFT_EMIT_LOC_STRINGS = YES;
				SWIFT_VERSION = 5.0;
				TARGETED_DEVICE_FAMILY = "1,2";
			};
			name = Debug;
		};
		D8B31D4E28815FE600C03825 /* Release */ = {
			isa = XCBuildConfiguration;
			baseConfigurationReference = 1EA9B625C13E78809919DC2D /* Pods-ZiggeoDemo.release.xcconfig */;
			buildSettings = {
				ALWAYS_EMBED_SWIFT_STANDARD_LIBRARIES = YES;
				ASSETCATALOG_COMPILER_APPICON_NAME = AppIcon;
				ASSETCATALOG_COMPILER_GLOBAL_ACCENT_COLOR_NAME = AccentColor;
				CODE_SIGN_ENTITLEMENTS = ZiggeoDemo/ZiggeoDemo.entitlements;
				CODE_SIGN_STYLE = Automatic;
				CURRENT_PROJECT_VERSION = 1;
				DEVELOPMENT_TEAM = 7C9963Q3QW;
				ENABLE_BITCODE = NO;
				EXCLUDED_ARCHS = "";
				"EXCLUDED_ARCHS[sdk=iphonesimulator*]" = arm64;
				FRAMEWORK_SEARCH_PATHS = (
					"$(inherited)",
					"$(PROJECT_DIR)",
				);
				GENERATE_INFOPLIST_FILE = YES;
				INFOPLIST_FILE = ZiggeoDemo/Info.plist;
				INFOPLIST_KEY_NSCameraUsageDescription = "Application will be able to record video";
				INFOPLIST_KEY_NSMicrophoneUsageDescription = "Application will be able to record audio";
				INFOPLIST_KEY_NSPhotoLibraryUsageDescription = "Application will be able to upload existing videos";
				INFOPLIST_KEY_UIApplicationSupportsIndirectInputEvents = YES;
				INFOPLIST_KEY_UILaunchStoryboardName = LaunchScreen;
				INFOPLIST_KEY_UIMainStoryboardFile = Main;
				INFOPLIST_KEY_UISupportedInterfaceOrientations_iPad = "UIInterfaceOrientationPortrait UIInterfaceOrientationPortraitUpsideDown UIInterfaceOrientationLandscapeLeft UIInterfaceOrientationLandscapeRight";
				INFOPLIST_KEY_UISupportedInterfaceOrientations_iPhone = "UIInterfaceOrientationPortrait UIInterfaceOrientationLandscapeLeft UIInterfaceOrientationLandscapeRight";
				INFOPLIST_KEY_UIUserInterfaceStyle = Light;
				IPHONEOS_DEPLOYMENT_TARGET = 11.0;
				LD_RUNPATH_SEARCH_PATHS = (
					"$(inherited)",
					"@executable_path/Frameworks",
				);
				MARKETING_VERSION = "1.1.41-blurring";
				PRODUCT_BUNDLE_IDENTIFIER = com.ziggeo.demo;
				PRODUCT_NAME = "$(TARGET_NAME)";
				SWIFT_EMIT_LOC_STRINGS = YES;
				SWIFT_VERSION = 5.0;
				TARGETED_DEVICE_FAMILY = "1,2";
			};
			name = Release;
		};
		D8DB96CB29A66F26003A46F2 /* Debug */ = {
			isa = XCBuildConfiguration;
			baseConfigurationReference = A562FB59BCC7787E2EBC7064 /* Pods-BroadcastExtension.debug.xcconfig */;
			buildSettings = {
				CODE_SIGN_ENTITLEMENTS = BroadcastExtension/BroadcastExtension.entitlements;
				CODE_SIGN_STYLE = Automatic;
				CURRENT_PROJECT_VERSION = 1;
				DEVELOPMENT_TEAM = 7C9963Q3QW;
				ENABLE_BITCODE = NO;
				"EXCLUDED_ARCHS[sdk=iphonesimulator*]" = arm64;
				GENERATE_INFOPLIST_FILE = YES;
				INFOPLIST_FILE = BroadcastExtension/Info.plist;
				INFOPLIST_KEY_CFBundleDisplayName = Ziggeo;
				INFOPLIST_KEY_NSHumanReadableCopyright = "";
				IPHONEOS_DEPLOYMENT_TARGET = 12.0;
				LD_RUNPATH_SEARCH_PATHS = (
					"$(inherited)",
					"@executable_path/Frameworks",
					"@executable_path/../../Frameworks",
				);
				MARKETING_VERSION = 1.0;
				PRODUCT_BUNDLE_IDENTIFIER = com.ziggeo.demo.BroadcastExtension;
				PRODUCT_NAME = "$(TARGET_NAME)";
				SKIP_INSTALL = YES;
				SWIFT_EMIT_LOC_STRINGS = YES;
				SWIFT_VERSION = 5.0;
				TARGETED_DEVICE_FAMILY = "1,2";
			};
			name = Debug;
		};
		D8DB96CC29A66F26003A46F2 /* Release */ = {
			isa = XCBuildConfiguration;
			baseConfigurationReference = 8DED28B68335B6C1611E45F9 /* Pods-BroadcastExtension.release.xcconfig */;
			buildSettings = {
				CODE_SIGN_ENTITLEMENTS = BroadcastExtension/BroadcastExtension.entitlements;
				CODE_SIGN_STYLE = Automatic;
				CURRENT_PROJECT_VERSION = 1;
				DEVELOPMENT_TEAM = 7C9963Q3QW;
				ENABLE_BITCODE = NO;
				"EXCLUDED_ARCHS[sdk=iphonesimulator*]" = arm64;
				GENERATE_INFOPLIST_FILE = YES;
				INFOPLIST_FILE = BroadcastExtension/Info.plist;
				INFOPLIST_KEY_CFBundleDisplayName = Ziggeo;
				INFOPLIST_KEY_NSHumanReadableCopyright = "";
				IPHONEOS_DEPLOYMENT_TARGET = 12.0;
				LD_RUNPATH_SEARCH_PATHS = (
					"$(inherited)",
					"@executable_path/Frameworks",
					"@executable_path/../../Frameworks",
				);
				MARKETING_VERSION = 1.0;
				PRODUCT_BUNDLE_IDENTIFIER = com.ziggeo.demo.BroadcastExtension;
				PRODUCT_NAME = "$(TARGET_NAME)";
				SKIP_INSTALL = YES;
				SWIFT_EMIT_LOC_STRINGS = YES;
				SWIFT_VERSION = 5.0;
				TARGETED_DEVICE_FAMILY = "1,2";
			};
			name = Release;
		};
/* End XCBuildConfiguration section */

/* Begin XCConfigurationList section */
		D8B31D3328815FE300C03825 /* Build configuration list for PBXProject "ZiggeoDemo" */ = {
			isa = XCConfigurationList;
			buildConfigurations = (
				D8B31D4A28815FE600C03825 /* Debug */,
				D8B31D4B28815FE600C03825 /* Release */,
			);
			defaultConfigurationIsVisible = 0;
			defaultConfigurationName = Release;
		};
		D8B31D4C28815FE600C03825 /* Build configuration list for PBXNativeTarget "ZiggeoDemo" */ = {
			isa = XCConfigurationList;
			buildConfigurations = (
				D8B31D4D28815FE600C03825 /* Debug */,
				D8B31D4E28815FE600C03825 /* Release */,
			);
			defaultConfigurationIsVisible = 0;
			defaultConfigurationName = Release;
		};
		D8DB96CA29A66F26003A46F2 /* Build configuration list for PBXNativeTarget "BroadcastExtension" */ = {
			isa = XCConfigurationList;
			buildConfigurations = (
				D8DB96CB29A66F26003A46F2 /* Debug */,
				D8DB96CC29A66F26003A46F2 /* Release */,
			);
			defaultConfigurationIsVisible = 0;
			defaultConfigurationName = Release;
		};
/* End XCConfigurationList section */
	};
	rootObject = D8B31D3028815FE300C03825 /* Project object */;
}
