// !$*UTF8*$!
{
	archiveVersion = 1;
	classes = {
	};
	objectVersion = 46;
	objects = {

/* Begin PBXBuildFile section */
		350F914A60C5E9825E7309A3 /* Pods_AdvancedTestApp.framework in Frameworks */ = {isa = PBXBuildFile; fileRef = D5025BF881BD3E9F189FE3BD /* Pods_AdvancedTestApp.framework */; };
		8429107A24FB051300FAAEE1 /* ReplayKit.framework in Frameworks */ = {isa = PBXBuildFile; fileRef = 8429107924FB051300FAAEE1 /* ReplayKit.framework */; };
		8429107E24FB051300FAAEE1 /* SampleHandler.m in Sources */ = {isa = PBXBuildFile; fileRef = 8429107D24FB051300FAAEE1 /* SampleHandler.m */; };
		8429108524FB051300FAAEE1 /* ReplayKit.framework in Frameworks */ = {isa = PBXBuildFile; fileRef = 8429107924FB051300FAAEE1 /* ReplayKit.framework */; };
		8429108724FB051300FAAEE1 /* UIKit.framework in Frameworks */ = {isa = PBXBuildFile; fileRef = 8429108624FB051300FAAEE1 /* UIKit.framework */; };
		8429108B24FB051300FAAEE1 /* BroadcastSetupViewController.m in Sources */ = {isa = PBXBuildFile; fileRef = 8429108A24FB051300FAAEE1 /* BroadcastSetupViewController.m */; };
		84F6964C25ABDF8700EB664D /* Pods_AdvancedTestApp.framework in Embed Frameworks */ = {isa = PBXBuildFile; fileRef = D5025BF881BD3E9F189FE3BD /* Pods_AdvancedTestApp.framework */; settings = {ATTRIBUTES = (CodeSignOnCopy, RemoveHeadersOnCopy, ); }; };
		84F6966A25ABE68F00EB664D /* Pods_AdvancedTestApp.framework in Embed Frameworks */ = {isa = PBXBuildFile; fileRef = D5025BF881BD3E9F189FE3BD /* Pods_AdvancedTestApp.framework */; settings = {ATTRIBUTES = (CodeSignOnCopy, RemoveHeadersOnCopy, ); }; };
		84F6966D25ABE69700EB664D /* Pods_AdvancedTestApp.framework in Embed Frameworks */ = {isa = PBXBuildFile; fileRef = D5025BF881BD3E9F189FE3BD /* Pods_AdvancedTestApp.framework */; settings = {ATTRIBUTES = (CodeSignOnCopy, RemoveHeadersOnCopy, ); }; };
		ABE30545E91303F53C26EC2E /* Pods_AdvancedTestApp.framework in Frameworks */ = {isa = PBXBuildFile; fileRef = D5025BF881BD3E9F189FE3BD /* Pods_AdvancedTestApp.framework */; };
		FA8827E21BB6CAA70025C71D /* main.m in Sources */ = {isa = PBXBuildFile; fileRef = FA8827E11BB6CAA70025C71D /* main.m */; };
		FA8827E51BB6CAA70025C71D /* AppDelegate.m in Sources */ = {isa = PBXBuildFile; fileRef = FA8827E41BB6CAA70025C71D /* AppDelegate.m */; };
		FA8827E81BB6CAA70025C71D /* ViewController.m in Sources */ = {isa = PBXBuildFile; fileRef = FA8827E71BB6CAA70025C71D /* ViewController.m */; };
		FA8827EB1BB6CAA70025C71D /* Main.storyboard in Resources */ = {isa = PBXBuildFile; fileRef = FA8827E91BB6CAA70025C71D /* Main.storyboard */; };
		FA8827ED1BB6CAA70025C71D /* Images.xcassets in Resources */ = {isa = PBXBuildFile; fileRef = FA8827EC1BB6CAA70025C71D /* Images.xcassets */; };
		FA8827F01BB6CAA70025C71D /* LaunchScreen.xib in Resources */ = {isa = PBXBuildFile; fileRef = FA8827EE1BB6CAA70025C71D /* LaunchScreen.xib */; };
		FA8828091BB6CC140025C71D /* TableViewUploadingVideoCell.m in Sources */ = {isa = PBXBuildFile; fileRef = FA8828061BB6CC140025C71D /* TableViewUploadingVideoCell.m */; };
		FA88280A1BB6CC140025C71D /* TableViewVideoCell.m in Sources */ = {isa = PBXBuildFile; fileRef = FA8828081BB6CC140025C71D /* TableViewVideoCell.m */; };
		FA8828111BB6CD750025C71D /* Settings.bundle in Resources */ = {isa = PBXBuildFile; fileRef = FA8828101BB6CD750025C71D /* Settings.bundle */; };
/* End PBXBuildFile section */

/* Begin PBXCopyFilesBuildPhase section */
		84F6966E25ABE69700EB664D /* Embed Frameworks */ = {
			isa = PBXCopyFilesBuildPhase;
			buildActionMask = 2147483647;
			dstPath = "";
			dstSubfolderSpec = 10;
			files = (
				84F6966D25ABE69700EB664D /* Pods_AdvancedTestApp.framework in Embed Frameworks */,
			);
			name = "Embed Frameworks";
			runOnlyForDeploymentPostprocessing = 0;
		};
		D9FA22D32545EED80093E71A /* Embed Frameworks */ = {
			isa = PBXCopyFilesBuildPhase;
			buildActionMask = 2147483647;
			dstPath = "";
			dstSubfolderSpec = 10;
			files = (
				84F6966A25ABE68F00EB664D /* Pods_AdvancedTestApp.framework in Embed Frameworks */,
			);
			name = "Embed Frameworks";
			runOnlyForDeploymentPostprocessing = 0;
		};
		FA88280F1BB6CC990025C71D /* Embed Frameworks */ = {
			isa = PBXCopyFilesBuildPhase;
			buildActionMask = 2147483647;
			dstPath = "";
			dstSubfolderSpec = 10;
			files = (
				84F6964C25ABDF8700EB664D /* Pods_AdvancedTestApp.framework in Embed Frameworks */,
			);
			name = "Embed Frameworks";
			runOnlyForDeploymentPostprocessing = 0;
		};
/* End PBXCopyFilesBuildPhase section */

/* Begin PBXFileReference section */
		1F44A9F42A71F49BAE2DFAC6 /* Pods-AdvancedTestApp.debug.xcconfig */ = {isa = PBXFileReference; includeInIndex = 1; lastKnownFileType = text.xcconfig; name = "Pods-AdvancedTestApp.debug.xcconfig"; path = "Target Support Files/Pods-AdvancedTestApp/Pods-AdvancedTestApp.debug.xcconfig"; sourceTree = "<group>"; };
		8429107724FB051300FAAEE1 /* AdvancedTestAppBroadcastUploadExtension.appex */ = {isa = PBXFileReference; explicitFileType = "wrapper.app-extension"; includeInIndex = 0; path = AdvancedTestAppBroadcastUploadExtension.appex; sourceTree = BUILT_PRODUCTS_DIR; };
		8429107924FB051300FAAEE1 /* ReplayKit.framework */ = {isa = PBXFileReference; lastKnownFileType = wrapper.framework; name = ReplayKit.framework; path = System/Library/Frameworks/ReplayKit.framework; sourceTree = SDKROOT; };
		8429107C24FB051300FAAEE1 /* SampleHandler.h */ = {isa = PBXFileReference; lastKnownFileType = sourcecode.c.h; path = SampleHandler.h; sourceTree = "<group>"; };
		8429107D24FB051300FAAEE1 /* SampleHandler.m */ = {isa = PBXFileReference; lastKnownFileType = sourcecode.c.objc; path = SampleHandler.m; sourceTree = "<group>"; };
		8429107F24FB051300FAAEE1 /* Info.plist */ = {isa = PBXFileReference; lastKnownFileType = text.plist.xml; path = Info.plist; sourceTree = "<group>"; };
		8429108424FB051300FAAEE1 /* AdvancedTestAppBroadcastUploadExtensionSetupUI.appex */ = {isa = PBXFileReference; explicitFileType = "wrapper.app-extension"; includeInIndex = 0; path = AdvancedTestAppBroadcastUploadExtensionSetupUI.appex; sourceTree = BUILT_PRODUCTS_DIR; };
		8429108624FB051300FAAEE1 /* UIKit.framework */ = {isa = PBXFileReference; lastKnownFileType = wrapper.framework; name = UIKit.framework; path = System/Library/Frameworks/UIKit.framework; sourceTree = SDKROOT; };
		8429108924FB051300FAAEE1 /* BroadcastSetupViewController.h */ = {isa = PBXFileReference; lastKnownFileType = sourcecode.c.h; path = BroadcastSetupViewController.h; sourceTree = "<group>"; };
		8429108A24FB051300FAAEE1 /* BroadcastSetupViewController.m */ = {isa = PBXFileReference; lastKnownFileType = sourcecode.c.objc; path = BroadcastSetupViewController.m; sourceTree = "<group>"; };
		8429108C24FB051300FAAEE1 /* Info.plist */ = {isa = PBXFileReference; lastKnownFileType = text.plist.xml; path = Info.plist; sourceTree = "<group>"; };
		86380532CF99153E03D33F78 /* Pods-AdvancedTestApp.release.xcconfig */ = {isa = PBXFileReference; includeInIndex = 1; lastKnownFileType = text.xcconfig; name = "Pods-AdvancedTestApp.release.xcconfig"; path = "Target Support Files/Pods-AdvancedTestApp/Pods-AdvancedTestApp.release.xcconfig"; sourceTree = "<group>"; };
		D5025BF881BD3E9F189FE3BD /* Pods_AdvancedTestApp.framework */ = {isa = PBXFileReference; explicitFileType = wrapper.framework; includeInIndex = 0; path = Pods_AdvancedTestApp.framework; sourceTree = BUILT_PRODUCTS_DIR; };
		D9FA22D62545FC090093E71A /* AdvancedTestApp.entitlements */ = {isa = PBXFileReference; lastKnownFileType = text.plist.entitlements; path = AdvancedTestApp.entitlements; sourceTree = "<group>"; };
		D9FA22D82545FCBF0093E71A /* AdvancedTestAppBroadcastUploadExtension.entitlements */ = {isa = PBXFileReference; lastKnownFileType = text.plist.entitlements; path = AdvancedTestAppBroadcastUploadExtension.entitlements; sourceTree = "<group>"; };
		D9FA22DA2545FCCB0093E71A /* AdvancedTestAppBroadcastUploadExtensionSetupUI.entitlements */ = {isa = PBXFileReference; lastKnownFileType = text.plist.entitlements; path = AdvancedTestAppBroadcastUploadExtensionSetupUI.entitlements; sourceTree = "<group>"; };
		FA8827DC1BB6CAA70025C71D /* AdvancedTestApp.app */ = {isa = PBXFileReference; explicitFileType = wrapper.application; includeInIndex = 0; path = AdvancedTestApp.app; sourceTree = BUILT_PRODUCTS_DIR; };
		FA8827E01BB6CAA70025C71D /* Info.plist */ = {isa = PBXFileReference; lastKnownFileType = text.plist.xml; path = Info.plist; sourceTree = "<group>"; };
		FA8827E11BB6CAA70025C71D /* main.m */ = {isa = PBXFileReference; lastKnownFileType = sourcecode.c.objc; path = main.m; sourceTree = "<group>"; };
		FA8827E31BB6CAA70025C71D /* AppDelegate.h */ = {isa = PBXFileReference; lastKnownFileType = sourcecode.c.h; path = AppDelegate.h; sourceTree = "<group>"; };
		FA8827E41BB6CAA70025C71D /* AppDelegate.m */ = {isa = PBXFileReference; lastKnownFileType = sourcecode.c.objc; path = AppDelegate.m; sourceTree = "<group>"; };
		FA8827E61BB6CAA70025C71D /* ViewController.h */ = {isa = PBXFileReference; lastKnownFileType = sourcecode.c.h; path = ViewController.h; sourceTree = "<group>"; };
		FA8827E71BB6CAA70025C71D /* ViewController.m */ = {isa = PBXFileReference; lastKnownFileType = sourcecode.c.objc; path = ViewController.m; sourceTree = "<group>"; };
		FA8827EA1BB6CAA70025C71D /* Base */ = {isa = PBXFileReference; lastKnownFileType = file.storyboard; name = Base; path = Base.lproj/Main.storyboard; sourceTree = "<group>"; };
		FA8827EC1BB6CAA70025C71D /* Images.xcassets */ = {isa = PBXFileReference; lastKnownFileType = folder.assetcatalog; path = Images.xcassets; sourceTree = "<group>"; };
		FA8827EF1BB6CAA70025C71D /* Base */ = {isa = PBXFileReference; lastKnownFileType = file.xib; name = Base; path = Base.lproj/LaunchScreen.xib; sourceTree = "<group>"; };
		FA8828051BB6CC140025C71D /* TableViewUploadingVideoCell.h */ = {isa = PBXFileReference; fileEncoding = 4; lastKnownFileType = sourcecode.c.h; path = TableViewUploadingVideoCell.h; sourceTree = "<group>"; };
		FA8828061BB6CC140025C71D /* TableViewUploadingVideoCell.m */ = {isa = PBXFileReference; fileEncoding = 4; lastKnownFileType = sourcecode.c.objc; path = TableViewUploadingVideoCell.m; sourceTree = "<group>"; };
		FA8828071BB6CC140025C71D /* TableViewVideoCell.h */ = {isa = PBXFileReference; fileEncoding = 4; lastKnownFileType = sourcecode.c.h; path = TableViewVideoCell.h; sourceTree = "<group>"; };
		FA8828081BB6CC140025C71D /* TableViewVideoCell.m */ = {isa = PBXFileReference; fileEncoding = 4; lastKnownFileType = sourcecode.c.objc; path = TableViewVideoCell.m; sourceTree = "<group>"; };
		FA8828101BB6CD750025C71D /* Settings.bundle */ = {isa = PBXFileReference; lastKnownFileType = "wrapper.plug-in"; path = Settings.bundle; sourceTree = "<group>"; };
/* End PBXFileReference section */

/* Begin PBXFrameworksBuildPhase section */
		8429107424FB051300FAAEE1 /* Frameworks */ = {
			isa = PBXFrameworksBuildPhase;
			buildActionMask = 2147483647;
			files = (
				8429107A24FB051300FAAEE1 /* ReplayKit.framework in Frameworks */,
			);
			runOnlyForDeploymentPostprocessing = 0;
		};
		8429108124FB051300FAAEE1 /* Frameworks */ = {
			isa = PBXFrameworksBuildPhase;
			buildActionMask = 2147483647;
			files = (
				8429108524FB051300FAAEE1 /* ReplayKit.framework in Frameworks */,
				8429108724FB051300FAAEE1 /* UIKit.framework in Frameworks */,
			);
			runOnlyForDeploymentPostprocessing = 0;
		};
		FA8827D91BB6CAA70025C71D /* Frameworks */ = {
			isa = PBXFrameworksBuildPhase;
			buildActionMask = 2147483647;
			files = (
				350F914A60C5E9825E7309A3 /* Pods_AdvancedTestApp.framework in Frameworks */,
				ABE30545E91303F53C26EC2E /* Pods_AdvancedTestApp.framework in Frameworks */,
			);
			runOnlyForDeploymentPostprocessing = 0;
		};
/* End PBXFrameworksBuildPhase section */

/* Begin PBXGroup section */
		8429107824FB051300FAAEE1 /* Frameworks */ = {
			isa = PBXGroup;
			children = (
				8429107924FB051300FAAEE1 /* ReplayKit.framework */,
				8429108624FB051300FAAEE1 /* UIKit.framework */,
				D5025BF881BD3E9F189FE3BD /* Pods_AdvancedTestApp.framework */,
			);
			name = Frameworks;
			sourceTree = "<group>";
		};
		8429107B24FB051300FAAEE1 /* AdvancedTestAppBroadcastUploadExtension */ = {
			isa = PBXGroup;
			children = (
				D9FA22D82545FCBF0093E71A /* AdvancedTestAppBroadcastUploadExtension.entitlements */,
				8429107C24FB051300FAAEE1 /* SampleHandler.h */,
				8429107D24FB051300FAAEE1 /* SampleHandler.m */,
				8429107F24FB051300FAAEE1 /* Info.plist */,
			);
			path = AdvancedTestAppBroadcastUploadExtension;
			sourceTree = "<group>";
		};
		8429108824FB051300FAAEE1 /* AdvancedTestAppBroadcastUploadExtensionSetupUI */ = {
			isa = PBXGroup;
			children = (
				D9FA22DA2545FCCB0093E71A /* AdvancedTestAppBroadcastUploadExtensionSetupUI.entitlements */,
				8429108924FB051300FAAEE1 /* BroadcastSetupViewController.h */,
				8429108A24FB051300FAAEE1 /* BroadcastSetupViewController.m */,
				8429108C24FB051300FAAEE1 /* Info.plist */,
			);
			path = AdvancedTestAppBroadcastUploadExtensionSetupUI;
			sourceTree = "<group>";
		};
		B0C5F0B5BE43CB7C6224A99D /* Pods */ = {
			isa = PBXGroup;
			children = (
				1F44A9F42A71F49BAE2DFAC6 /* Pods-AdvancedTestApp.debug.xcconfig */,
				86380532CF99153E03D33F78 /* Pods-AdvancedTestApp.release.xcconfig */,
			);
			path = Pods;
			sourceTree = "<group>";
		};
		FA8827D31BB6CAA70025C71D = {
			isa = PBXGroup;
			children = (
				FA8827DE1BB6CAA70025C71D /* AdvancedTestApp */,
				8429107B24FB051300FAAEE1 /* AdvancedTestAppBroadcastUploadExtension */,
				8429108824FB051300FAAEE1 /* AdvancedTestAppBroadcastUploadExtensionSetupUI */,
				8429107824FB051300FAAEE1 /* Frameworks */,
				FA8827DD1BB6CAA70025C71D /* Products */,
				B0C5F0B5BE43CB7C6224A99D /* Pods */,
			);
			sourceTree = "<group>";
		};
		FA8827DD1BB6CAA70025C71D /* Products */ = {
			isa = PBXGroup;
			children = (
				FA8827DC1BB6CAA70025C71D /* AdvancedTestApp.app */,
				8429107724FB051300FAAEE1 /* AdvancedTestAppBroadcastUploadExtension.appex */,
				8429108424FB051300FAAEE1 /* AdvancedTestAppBroadcastUploadExtensionSetupUI.appex */,
			);
			name = Products;
			sourceTree = "<group>";
		};
		FA8827DE1BB6CAA70025C71D /* AdvancedTestApp */ = {
			isa = PBXGroup;
			children = (
				D9FA22D62545FC090093E71A /* AdvancedTestApp.entitlements */,
				FA8828101BB6CD750025C71D /* Settings.bundle */,
				FA8828051BB6CC140025C71D /* TableViewUploadingVideoCell.h */,
				FA8828061BB6CC140025C71D /* TableViewUploadingVideoCell.m */,
				FA8828071BB6CC140025C71D /* TableViewVideoCell.h */,
				FA8828081BB6CC140025C71D /* TableViewVideoCell.m */,
				FA8827E31BB6CAA70025C71D /* AppDelegate.h */,
				FA8827E41BB6CAA70025C71D /* AppDelegate.m */,
				FA8827E61BB6CAA70025C71D /* ViewController.h */,
				FA8827E71BB6CAA70025C71D /* ViewController.m */,
				FA8827E91BB6CAA70025C71D /* Main.storyboard */,
				FA8827EC1BB6CAA70025C71D /* Images.xcassets */,
				FA8827EE1BB6CAA70025C71D /* LaunchScreen.xib */,
				FA8827DF1BB6CAA70025C71D /* Supporting Files */,
			);
			path = AdvancedTestApp;
			sourceTree = "<group>";
		};
		FA8827DF1BB6CAA70025C71D /* Supporting Files */ = {
			isa = PBXGroup;
			children = (
				FA8827E01BB6CAA70025C71D /* Info.plist */,
				FA8827E11BB6CAA70025C71D /* main.m */,
			);
			name = "Supporting Files";
			sourceTree = "<group>";
		};
/* End PBXGroup section */

/* Begin PBXNativeTarget section */
		8429107624FB051300FAAEE1 /* AdvancedTestAppBroadcastUploadExtension */ = {
			isa = PBXNativeTarget;
			buildConfigurationList = 8429109924FB051300FAAEE1 /* Build configuration list for PBXNativeTarget "AdvancedTestAppBroadcastUploadExtension" */;
			buildPhases = (
				8429107324FB051300FAAEE1 /* Sources */,
				8429107424FB051300FAAEE1 /* Frameworks */,
				8429107524FB051300FAAEE1 /* Resources */,
				D9FA22D32545EED80093E71A /* Embed Frameworks */,
			);
			buildRules = (
			);
			dependencies = (
			);
			name = AdvancedTestAppBroadcastUploadExtension;
			productName = AdvancedTestAppBroadcastUploadExtension;
			productReference = 8429107724FB051300FAAEE1 /* AdvancedTestAppBroadcastUploadExtension.appex */;
			productType = "com.apple.product-type.app-extension";
		};
		8429108324FB051300FAAEE1 /* AdvancedTestAppBroadcastUploadExtensionSetupUI */ = {
			isa = PBXNativeTarget;
			buildConfigurationList = 8429109824FB051300FAAEE1 /* Build configuration list for PBXNativeTarget "AdvancedTestAppBroadcastUploadExtensionSetupUI" */;
			buildPhases = (
				8429108024FB051300FAAEE1 /* Sources */,
				8429108124FB051300FAAEE1 /* Frameworks */,
				8429108224FB051300FAAEE1 /* Resources */,
				84F6966E25ABE69700EB664D /* Embed Frameworks */,
			);
			buildRules = (
			);
			dependencies = (
			);
			name = AdvancedTestAppBroadcastUploadExtensionSetupUI;
			productName = AdvancedTestAppBroadcastUploadExtensionSetupUI;
			productReference = 8429108424FB051300FAAEE1 /* AdvancedTestAppBroadcastUploadExtensionSetupUI.appex */;
			productType = "com.apple.product-type.app-extension";
		};
		FA8827DB1BB6CAA70025C71D /* AdvancedTestApp */ = {
			isa = PBXNativeTarget;
			buildConfigurationList = FA8827FF1BB6CAA80025C71D /* Build configuration list for PBXNativeTarget "AdvancedTestApp" */;
			buildPhases = (
				04EF5CB8DFEC5D1FC01FF997 /* [CP] Check Pods Manifest.lock */,
				FA8827D81BB6CAA70025C71D /* Sources */,
				FA8827D91BB6CAA70025C71D /* Frameworks */,
				FA8827DA1BB6CAA70025C71D /* Resources */,
				FA88280F1BB6CC990025C71D /* Embed Frameworks */,
				AF5AE3FB580CC8F8F5235BD9 /* [CP] Embed Pods Frameworks */,
			);
			buildRules = (
			);
			dependencies = (
			);
			name = AdvancedTestApp;
			productName = AdvancedTestApp;
			productReference = FA8827DC1BB6CAA70025C71D /* AdvancedTestApp.app */;
			productType = "com.apple.product-type.application";
		};
/* End PBXNativeTarget section */

/* Begin PBXProject section */
		FA8827D41BB6CAA70025C71D /* Project object */ = {
			isa = PBXProject;
			attributes = {
				LastUpgradeCheck = 0640;
				ORGANIZATIONNAME = Ziggeo;
				TargetAttributes = {
					8429107624FB051300FAAEE1 = {
						CreatedOnToolsVersion = 11.4;
						DevelopmentTeam = QZV8S889Y3;
						ProvisioningStyle = Automatic;
					};
					8429108324FB051300FAAEE1 = {
						CreatedOnToolsVersion = 11.4;
						DevelopmentTeam = QZV8S889Y3;
						ProvisioningStyle = Automatic;
					};
					FA8827DB1BB6CAA70025C71D = {
						CreatedOnToolsVersion = 6.4;
						DevelopmentTeam = QZV8S889Y3;
					};
				};
			};
			buildConfigurationList = FA8827D71BB6CAA70025C71D /* Build configuration list for PBXProject "AdvancedTestApp" */;
			compatibilityVersion = "Xcode 3.2";
			developmentRegion = English;
			hasScannedForEncodings = 0;
			knownRegions = (
				English,
				en,
				Base,
			);
			mainGroup = FA8827D31BB6CAA70025C71D;
			productRefGroup = FA8827DD1BB6CAA70025C71D /* Products */;
			projectDirPath = "";
			projectRoot = "";
			targets = (
				FA8827DB1BB6CAA70025C71D /* AdvancedTestApp */,
				8429107624FB051300FAAEE1 /* AdvancedTestAppBroadcastUploadExtension */,
				8429108324FB051300FAAEE1 /* AdvancedTestAppBroadcastUploadExtensionSetupUI */,
			);
		};
/* End PBXProject section */

/* Begin PBXResourcesBuildPhase section */
		8429107524FB051300FAAEE1 /* Resources */ = {
			isa = PBXResourcesBuildPhase;
			buildActionMask = 2147483647;
			files = (
			);
			runOnlyForDeploymentPostprocessing = 0;
		};
		8429108224FB051300FAAEE1 /* Resources */ = {
			isa = PBXResourcesBuildPhase;
			buildActionMask = 2147483647;
			files = (
			);
			runOnlyForDeploymentPostprocessing = 0;
		};
		FA8827DA1BB6CAA70025C71D /* Resources */ = {
			isa = PBXResourcesBuildPhase;
			buildActionMask = 2147483647;
			files = (
				FA8828111BB6CD750025C71D /* Settings.bundle in Resources */,
				FA8827EB1BB6CAA70025C71D /* Main.storyboard in Resources */,
				FA8827F01BB6CAA70025C71D /* LaunchScreen.xib in Resources */,
				FA8827ED1BB6CAA70025C71D /* Images.xcassets in Resources */,
			);
			runOnlyForDeploymentPostprocessing = 0;
		};
/* End PBXResourcesBuildPhase section */

/* Begin PBXShellScriptBuildPhase section */
		04EF5CB8DFEC5D1FC01FF997 /* [CP] Check Pods Manifest.lock */ = {
			isa = PBXShellScriptBuildPhase;
			buildActionMask = 2147483647;
			files = (
			);
			inputFileListPaths = (
			);
			inputPaths = (
				"${PODS_PODFILE_DIR_PATH}/Podfile.lock",
				"${PODS_ROOT}/Manifest.lock",
			);
			name = "[CP] Check Pods Manifest.lock";
			outputFileListPaths = (
			);
			outputPaths = (
				"$(DERIVED_FILE_DIR)/Pods-AdvancedTestApp-checkManifestLockResult.txt",
			);
			runOnlyForDeploymentPostprocessing = 0;
			shellPath = /bin/sh;
			shellScript = "diff \"${PODS_PODFILE_DIR_PATH}/Podfile.lock\" \"${PODS_ROOT}/Manifest.lock\" > /dev/null\nif [ $? != 0 ] ; then\n    # print error to STDERR\n    echo \"error: The sandbox is not in sync with the Podfile.lock. Run 'pod install' or update your CocoaPods installation.\" >&2\n    exit 1\nfi\n# This output is used by Xcode 'outputs' to avoid re-running this script phase.\necho \"SUCCESS\" > \"${SCRIPT_OUTPUT_FILE_0}\"\n";
			showEnvVarsInLog = 0;
		};
		AF5AE3FB580CC8F8F5235BD9 /* [CP] Embed Pods Frameworks */ = {
			isa = PBXShellScriptBuildPhase;
			buildActionMask = 2147483647;
			files = (
			);
			inputPaths = (
				"${PODS_ROOT}/Target Support Files/Pods-AdvancedTestApp/Pods-AdvancedTestApp-frameworks.sh",
				"${PODS_ROOT}/GoogleAds-IMA-iOS-SDK/GoogleInteractiveMediaAds.framework",
				"${PODS_XCFRAMEWORKS_BUILD_DIR}/Ziggeo/Ziggeo.framework/Ziggeo",
			);
			name = "[CP] Embed Pods Frameworks";
			outputPaths = (
				"${TARGET_BUILD_DIR}/${FRAMEWORKS_FOLDER_PATH}/GoogleInteractiveMediaAds.framework",
				"${TARGET_BUILD_DIR}/${FRAMEWORKS_FOLDER_PATH}/Ziggeo.framework",
			);
			runOnlyForDeploymentPostprocessing = 0;
			shellPath = /bin/sh;
			shellScript = "\"${PODS_ROOT}/Target Support Files/Pods-AdvancedTestApp/Pods-AdvancedTestApp-frameworks.sh\"\n";
			showEnvVarsInLog = 0;
		};
/* End PBXShellScriptBuildPhase section */

/* Begin PBXSourcesBuildPhase section */
		8429107324FB051300FAAEE1 /* Sources */ = {
			isa = PBXSourcesBuildPhase;
			buildActionMask = 2147483647;
			files = (
				8429107E24FB051300FAAEE1 /* SampleHandler.m in Sources */,
			);
			runOnlyForDeploymentPostprocessing = 0;
		};
		8429108024FB051300FAAEE1 /* Sources */ = {
			isa = PBXSourcesBuildPhase;
			buildActionMask = 2147483647;
			files = (
				8429108B24FB051300FAAEE1 /* BroadcastSetupViewController.m in Sources */,
			);
			runOnlyForDeploymentPostprocessing = 0;
		};
		FA8827D81BB6CAA70025C71D /* Sources */ = {
			isa = PBXSourcesBuildPhase;
			buildActionMask = 2147483647;
			files = (
				FA8827E81BB6CAA70025C71D /* ViewController.m in Sources */,
				FA8828091BB6CC140025C71D /* TableViewUploadingVideoCell.m in Sources */,
				FA8827E51BB6CAA70025C71D /* AppDelegate.m in Sources */,
				FA88280A1BB6CC140025C71D /* TableViewVideoCell.m in Sources */,
				FA8827E21BB6CAA70025C71D /* main.m in Sources */,
			);
			runOnlyForDeploymentPostprocessing = 0;
		};
/* End PBXSourcesBuildPhase section */

/* Begin PBXVariantGroup section */
		FA8827E91BB6CAA70025C71D /* Main.storyboard */ = {
			isa = PBXVariantGroup;
			children = (
				FA8827EA1BB6CAA70025C71D /* Base */,
			);
			name = Main.storyboard;
			sourceTree = "<group>";
		};
		FA8827EE1BB6CAA70025C71D /* LaunchScreen.xib */ = {
			isa = PBXVariantGroup;
			children = (
				FA8827EF1BB6CAA70025C71D /* Base */,
			);
			name = LaunchScreen.xib;
			sourceTree = "<group>";
		};
/* End PBXVariantGroup section */

/* Begin XCBuildConfiguration section */
		8429109424FB051300FAAEE1 /* Debug */ = {
			isa = XCBuildConfiguration;
			buildSettings = {
				CLANG_ANALYZER_NONNULL = YES;
				CLANG_ANALYZER_NUMBER_OBJECT_CONVERSION = YES_AGGRESSIVE;
				CLANG_CXX_LANGUAGE_STANDARD = "gnu++14";
				CLANG_ENABLE_OBJC_WEAK = YES;
				CLANG_WARN_BLOCK_CAPTURE_AUTORELEASING = YES;
				CLANG_WARN_COMMA = YES;
				CLANG_WARN_DEPRECATED_OBJC_IMPLEMENTATIONS = YES;
				CLANG_WARN_DOCUMENTATION_COMMENTS = YES;
				CLANG_WARN_INFINITE_RECURSION = YES;
				CLANG_WARN_NON_LITERAL_NULL_CONVERSION = YES;
				CLANG_WARN_OBJC_IMPLICIT_RETAIN_SELF = YES;
				CLANG_WARN_OBJC_LITERAL_CONVERSION = YES;
				CLANG_WARN_RANGE_LOOP_ANALYSIS = YES;
				CLANG_WARN_STRICT_PROTOTYPES = YES;
				CLANG_WARN_SUSPICIOUS_MOVE = YES;
				CLANG_WARN_UNGUARDED_AVAILABILITY = YES_AGGRESSIVE;
				CODE_SIGN_ENTITLEMENTS = AdvancedTestAppBroadcastUploadExtension/AdvancedTestAppBroadcastUploadExtension.entitlements;
				CODE_SIGN_STYLE = Automatic;
				DEBUG_INFORMATION_FORMAT = dwarf;
				DEVELOPMENT_TEAM = QZV8S889Y3;
				ENABLE_TESTABILITY = YES;
				GCC_C_LANGUAGE_STANDARD = gnu11;
				INFOPLIST_FILE = AdvancedTestAppBroadcastUploadExtension/Info.plist;
				IPHONEOS_DEPLOYMENT_TARGET = 13.4;
				LD_RUNPATH_SEARCH_PATHS = "$(inherited) @executable_path/Frameworks @executable_path/../../Frameworks";
				MTL_ENABLE_DEBUG_INFO = INCLUDE_SOURCE;
				MTL_FAST_MATH = YES;
				PRODUCT_BUNDLE_IDENTIFIER = com.ziggeo.AdvancedTestApp348597897.BroadcastUploadExtension;
				PRODUCT_NAME = "$(TARGET_NAME)";
				SKIP_INSTALL = YES;
				TARGETED_DEVICE_FAMILY = "1,2";
			};
			name = Debug;
		};
		8429109524FB051300FAAEE1 /* Release */ = {
			isa = XCBuildConfiguration;
			buildSettings = {
				CLANG_ANALYZER_NONNULL = YES;
				CLANG_ANALYZER_NUMBER_OBJECT_CONVERSION = YES_AGGRESSIVE;
				CLANG_CXX_LANGUAGE_STANDARD = "gnu++14";
				CLANG_ENABLE_OBJC_WEAK = YES;
				CLANG_WARN_BLOCK_CAPTURE_AUTORELEASING = YES;
				CLANG_WARN_COMMA = YES;
				CLANG_WARN_DEPRECATED_OBJC_IMPLEMENTATIONS = YES;
				CLANG_WARN_DOCUMENTATION_COMMENTS = YES;
				CLANG_WARN_INFINITE_RECURSION = YES;
				CLANG_WARN_NON_LITERAL_NULL_CONVERSION = YES;
				CLANG_WARN_OBJC_IMPLICIT_RETAIN_SELF = YES;
				CLANG_WARN_OBJC_LITERAL_CONVERSION = YES;
				CLANG_WARN_RANGE_LOOP_ANALYSIS = YES;
				CLANG_WARN_STRICT_PROTOTYPES = YES;
				CLANG_WARN_SUSPICIOUS_MOVE = YES;
				CLANG_WARN_UNGUARDED_AVAILABILITY = YES_AGGRESSIVE;
				CODE_SIGN_ENTITLEMENTS = AdvancedTestAppBroadcastUploadExtension/AdvancedTestAppBroadcastUploadExtension.entitlements;
				CODE_SIGN_STYLE = Automatic;
				DEVELOPMENT_TEAM = QZV8S889Y3;
				GCC_C_LANGUAGE_STANDARD = gnu11;
				INFOPLIST_FILE = AdvancedTestAppBroadcastUploadExtension/Info.plist;
				IPHONEOS_DEPLOYMENT_TARGET = 13.4;
				LD_RUNPATH_SEARCH_PATHS = "$(inherited) @executable_path/Frameworks @executable_path/../../Frameworks";
				MTL_FAST_MATH = YES;
				PRODUCT_BUNDLE_IDENTIFIER = com.ziggeo.AdvancedTestApp348597897.BroadcastUploadExtension;
				PRODUCT_NAME = "$(TARGET_NAME)";
				SKIP_INSTALL = YES;
				TARGETED_DEVICE_FAMILY = "1,2";
			};
			name = Release;
		};
		8429109624FB051300FAAEE1 /* Debug */ = {
			isa = XCBuildConfiguration;
			buildSettings = {
				CLANG_ANALYZER_NONNULL = YES;
				CLANG_ANALYZER_NUMBER_OBJECT_CONVERSION = YES_AGGRESSIVE;
				CLANG_CXX_LANGUAGE_STANDARD = "gnu++14";
				CLANG_ENABLE_OBJC_WEAK = YES;
				CLANG_WARN_BLOCK_CAPTURE_AUTORELEASING = YES;
				CLANG_WARN_COMMA = YES;
				CLANG_WARN_DEPRECATED_OBJC_IMPLEMENTATIONS = YES;
				CLANG_WARN_DOCUMENTATION_COMMENTS = YES;
				CLANG_WARN_INFINITE_RECURSION = YES;
				CLANG_WARN_NON_LITERAL_NULL_CONVERSION = YES;
				CLANG_WARN_OBJC_IMPLICIT_RETAIN_SELF = YES;
				CLANG_WARN_OBJC_LITERAL_CONVERSION = YES;
				CLANG_WARN_RANGE_LOOP_ANALYSIS = YES;
				CLANG_WARN_STRICT_PROTOTYPES = YES;
				CLANG_WARN_SUSPICIOUS_MOVE = YES;
				CLANG_WARN_UNGUARDED_AVAILABILITY = YES_AGGRESSIVE;
				CODE_SIGN_ENTITLEMENTS = AdvancedTestAppBroadcastUploadExtensionSetupUI/AdvancedTestAppBroadcastUploadExtensionSetupUI.entitlements;
				CODE_SIGN_STYLE = Automatic;
				DEBUG_INFORMATION_FORMAT = dwarf;
				DEVELOPMENT_TEAM = QZV8S889Y3;
				ENABLE_TESTABILITY = YES;
				GCC_C_LANGUAGE_STANDARD = gnu11;
				INFOPLIST_FILE = AdvancedTestAppBroadcastUploadExtensionSetupUI/Info.plist;
				IPHONEOS_DEPLOYMENT_TARGET = 13.4;
				LD_RUNPATH_SEARCH_PATHS = "$(inherited) @executable_path/Frameworks @executable_path/../../Frameworks";
				MTL_ENABLE_DEBUG_INFO = INCLUDE_SOURCE;
				MTL_FAST_MATH = YES;
				PRODUCT_BUNDLE_IDENTIFIER = com.ziggeo.AdvancedTestApp348597897.BroadcastUploadExtensionSetupUI;
				PRODUCT_NAME = "$(TARGET_NAME)";
				SKIP_INSTALL = YES;
				TARGETED_DEVICE_FAMILY = "1,2";
			};
			name = Debug;
		};
		8429109724FB051300FAAEE1 /* Release */ = {
			isa = XCBuildConfiguration;
			buildSettings = {
				CLANG_ANALYZER_NONNULL = YES;
				CLANG_ANALYZER_NUMBER_OBJECT_CONVERSION = YES_AGGRESSIVE;
				CLANG_CXX_LANGUAGE_STANDARD = "gnu++14";
				CLANG_ENABLE_OBJC_WEAK = YES;
				CLANG_WARN_BLOCK_CAPTURE_AUTORELEASING = YES;
				CLANG_WARN_COMMA = YES;
				CLANG_WARN_DEPRECATED_OBJC_IMPLEMENTATIONS = YES;
				CLANG_WARN_DOCUMENTATION_COMMENTS = YES;
				CLANG_WARN_INFINITE_RECURSION = YES;
				CLANG_WARN_NON_LITERAL_NULL_CONVERSION = YES;
				CLANG_WARN_OBJC_IMPLICIT_RETAIN_SELF = YES;
				CLANG_WARN_OBJC_LITERAL_CONVERSION = YES;
				CLANG_WARN_RANGE_LOOP_ANALYSIS = YES;
				CLANG_WARN_STRICT_PROTOTYPES = YES;
				CLANG_WARN_SUSPICIOUS_MOVE = YES;
				CLANG_WARN_UNGUARDED_AVAILABILITY = YES_AGGRESSIVE;
				CODE_SIGN_ENTITLEMENTS = AdvancedTestAppBroadcastUploadExtensionSetupUI/AdvancedTestAppBroadcastUploadExtensionSetupUI.entitlements;
				CODE_SIGN_STYLE = Automatic;
				DEVELOPMENT_TEAM = QZV8S889Y3;
				GCC_C_LANGUAGE_STANDARD = gnu11;
				INFOPLIST_FILE = AdvancedTestAppBroadcastUploadExtensionSetupUI/Info.plist;
				IPHONEOS_DEPLOYMENT_TARGET = 13.4;
				LD_RUNPATH_SEARCH_PATHS = "$(inherited) @executable_path/Frameworks @executable_path/../../Frameworks";
				MTL_FAST_MATH = YES;
				PRODUCT_BUNDLE_IDENTIFIER = com.ziggeo.AdvancedTestApp348597897.BroadcastUploadExtensionSetupUI;
				PRODUCT_NAME = "$(TARGET_NAME)";
				SKIP_INSTALL = YES;
				TARGETED_DEVICE_FAMILY = "1,2";
			};
			name = Release;
		};
		FA8827FD1BB6CAA80025C71D /* Debug */ = {
			isa = XCBuildConfiguration;
			buildSettings = {
				ALWAYS_SEARCH_USER_PATHS = NO;
				CLANG_CXX_LANGUAGE_STANDARD = "gnu++0x";
				CLANG_CXX_LIBRARY = "libc++";
				CLANG_ENABLE_MODULES = YES;
				CLANG_ENABLE_OBJC_ARC = YES;
				CLANG_WARN_BOOL_CONVERSION = YES;
				CLANG_WARN_CONSTANT_CONVERSION = YES;
				CLANG_WARN_DIRECT_OBJC_ISA_USAGE = YES_ERROR;
				CLANG_WARN_EMPTY_BODY = YES;
				CLANG_WARN_ENUM_CONVERSION = YES;
				CLANG_WARN_INT_CONVERSION = YES;
				CLANG_WARN_OBJC_ROOT_CLASS = YES_ERROR;
				CLANG_WARN_UNREACHABLE_CODE = YES;
				CLANG_WARN__DUPLICATE_METHOD_MATCH = YES;
				"CODE_SIGN_IDENTITY[sdk=iphoneos*]" = "iPhone Developer";
				COPY_PHASE_STRIP = NO;
				DEBUG_INFORMATION_FORMAT = "dwarf-with-dsym";
				ENABLE_STRICT_OBJC_MSGSEND = YES;
				GCC_C_LANGUAGE_STANDARD = gnu99;
				GCC_DYNAMIC_NO_PIC = NO;
				GCC_NO_COMMON_BLOCKS = YES;
				GCC_OPTIMIZATION_LEVEL = 0;
				GCC_PREPROCESSOR_DEFINITIONS = (
					"DEBUG=1",
					"$(inherited)",
				);
				GCC_SYMBOLS_PRIVATE_EXTERN = NO;
				GCC_WARN_64_TO_32_BIT_CONVERSION = YES;
				GCC_WARN_ABOUT_RETURN_TYPE = YES_ERROR;
				GCC_WARN_UNDECLARED_SELECTOR = YES;
				GCC_WARN_UNINITIALIZED_AUTOS = YES_AGGRESSIVE;
				GCC_WARN_UNUSED_FUNCTION = YES;
				GCC_WARN_UNUSED_VARIABLE = YES;
				IPHONEOS_DEPLOYMENT_TARGET = 9.0;
				MTL_ENABLE_DEBUG_INFO = YES;
				ONLY_ACTIVE_ARCH = YES;
				SDKROOT = iphoneos;
				TARGETED_DEVICE_FAMILY = "1,2";
			};
			name = Debug;
		};
		FA8827FE1BB6CAA80025C71D /* Release */ = {
			isa = XCBuildConfiguration;
			buildSettings = {
				ALWAYS_SEARCH_USER_PATHS = NO;
				CLANG_CXX_LANGUAGE_STANDARD = "gnu++0x";
				CLANG_CXX_LIBRARY = "libc++";
				CLANG_ENABLE_MODULES = YES;
				CLANG_ENABLE_OBJC_ARC = YES;
				CLANG_WARN_BOOL_CONVERSION = YES;
				CLANG_WARN_CONSTANT_CONVERSION = YES;
				CLANG_WARN_DIRECT_OBJC_ISA_USAGE = YES_ERROR;
				CLANG_WARN_EMPTY_BODY = YES;
				CLANG_WARN_ENUM_CONVERSION = YES;
				CLANG_WARN_INT_CONVERSION = YES;
				CLANG_WARN_OBJC_ROOT_CLASS = YES_ERROR;
				CLANG_WARN_UNREACHABLE_CODE = YES;
				CLANG_WARN__DUPLICATE_METHOD_MATCH = YES;
				"CODE_SIGN_IDENTITY[sdk=iphoneos*]" = "iPhone Developer";
				COPY_PHASE_STRIP = NO;
				DEBUG_INFORMATION_FORMAT = "dwarf-with-dsym";
				ENABLE_NS_ASSERTIONS = NO;
				ENABLE_STRICT_OBJC_MSGSEND = YES;
				GCC_C_LANGUAGE_STANDARD = gnu99;
				GCC_NO_COMMON_BLOCKS = YES;
				GCC_WARN_64_TO_32_BIT_CONVERSION = YES;
				GCC_WARN_ABOUT_RETURN_TYPE = YES_ERROR;
				GCC_WARN_UNDECLARED_SELECTOR = YES;
				GCC_WARN_UNINITIALIZED_AUTOS = YES_AGGRESSIVE;
				GCC_WARN_UNUSED_FUNCTION = YES;
				GCC_WARN_UNUSED_VARIABLE = YES;
				IPHONEOS_DEPLOYMENT_TARGET = 9.0;
				MTL_ENABLE_DEBUG_INFO = NO;
				SDKROOT = iphoneos;
				TARGETED_DEVICE_FAMILY = "1,2";
				VALIDATE_PRODUCT = YES;
			};
			name = Release;
		};
		FA8828001BB6CAA80025C71D /* Debug */ = {
			isa = XCBuildConfiguration;
			baseConfigurationReference = 1F44A9F42A71F49BAE2DFAC6 /* Pods-AdvancedTestApp.debug.xcconfig */;
			buildSettings = {
				ASSETCATALOG_COMPILER_APPICON_NAME = AppIcon;
				CODE_SIGN_ENTITLEMENTS = AdvancedTestApp/AdvancedTestApp.entitlements;
				DEVELOPMENT_TEAM = QZV8S889Y3;
				ENABLE_BITCODE = NO;
				FRAMEWORK_SEARCH_PATHS = (
					"$(inherited)",
					"$(SRCROOT)/../Ziggeo/Output/Release-universal",
				);
				INFOPLIST_FILE = AdvancedTestApp/Info.plist;
				LD_RUNPATH_SEARCH_PATHS = "$(inherited) @executable_path/Frameworks";
				PRODUCT_BUNDLE_IDENTIFIER = com.ziggeo.AdvancedTestApp348597897;
				PRODUCT_NAME = "$(TARGET_NAME)";
			};
			name = Debug;
		};
		FA8828011BB6CAA80025C71D /* Release */ = {
			isa = XCBuildConfiguration;
			baseConfigurationReference = 86380532CF99153E03D33F78 /* Pods-AdvancedTestApp.release.xcconfig */;
			buildSettings = {
				ASSETCATALOG_COMPILER_APPICON_NAME = AppIcon;
				CODE_SIGN_ENTITLEMENTS = AdvancedTestApp/AdvancedTestApp.entitlements;
				DEVELOPMENT_TEAM = QZV8S889Y3;
				ENABLE_BITCODE = NO;
				FRAMEWORK_SEARCH_PATHS = (
					"$(inherited)",
					"$(SRCROOT)/../Ziggeo/Output/Release-universal",
				);
				INFOPLIST_FILE = AdvancedTestApp/Info.plist;
				LD_RUNPATH_SEARCH_PATHS = "$(inherited) @executable_path/Frameworks";
				PRODUCT_BUNDLE_IDENTIFIER = com.ziggeo.AdvancedTestApp348597897;
				PRODUCT_NAME = "$(TARGET_NAME)";
			};
			name = Release;
		};
/* End XCBuildConfiguration section */

/* Begin XCConfigurationList section */
		8429109824FB051300FAAEE1 /* Build configuration list for PBXNativeTarget "AdvancedTestAppBroadcastUploadExtensionSetupUI" */ = {
			isa = XCConfigurationList;
			buildConfigurations = (
				8429109624FB051300FAAEE1 /* Debug */,
				8429109724FB051300FAAEE1 /* Release */,
			);
			defaultConfigurationIsVisible = 0;
			defaultConfigurationName = Release;
		};
		8429109924FB051300FAAEE1 /* Build configuration list for PBXNativeTarget "AdvancedTestAppBroadcastUploadExtension" */ = {
			isa = XCConfigurationList;
			buildConfigurations = (
				8429109424FB051300FAAEE1 /* Debug */,
				8429109524FB051300FAAEE1 /* Release */,
			);
			defaultConfigurationIsVisible = 0;
			defaultConfigurationName = Release;
		};
		FA8827D71BB6CAA70025C71D /* Build configuration list for PBXProject "AdvancedTestApp" */ = {
			isa = XCConfigurationList;
			buildConfigurations = (
				FA8827FD1BB6CAA80025C71D /* Debug */,
				FA8827FE1BB6CAA80025C71D /* Release */,
			);
			defaultConfigurationIsVisible = 0;
			defaultConfigurationName = Release;
		};
		FA8827FF1BB6CAA80025C71D /* Build configuration list for PBXNativeTarget "AdvancedTestApp" */ = {
			isa = XCConfigurationList;
			buildConfigurations = (
				FA8828001BB6CAA80025C71D /* Debug */,
				FA8828011BB6CAA80025C71D /* Release */,
			);
			defaultConfigurationIsVisible = 0;
			defaultConfigurationName = Release;
		};
/* End XCConfigurationList section */
	};
	rootObject = FA8827D41BB6CAA70025C71D /* Project object */;
}
