// !$*UTF8*$!
{
	archiveVersion = 1;
	classes = {
	};
	objectVersion = 46;
	objects = {

/* Begin PBXBuildFile section */
		FA3CA5D41DDDFFD1003D288D /* Delete-50@3x.png in Resources */ = {isa = PBXBuildFile; fileRef = FA3CA5CE1DDDFFD1003D288D /* Delete-50@3x.png */; };
		FA3CA5D51DDDFFD1003D288D /* Pause-50@3x.png in Resources */ = {isa = PBXBuildFile; fileRef = FA3CA5CF1DDDFFD1003D288D /* Pause-50@3x.png */; };
		FA3CA5D61DDDFFD1003D288D /* Play-50@3x.png in Resources */ = {isa = PBXBuildFile; fileRef = FA3CA5D01DDDFFD1003D288D /* Play-50@3x.png */; };
		FA3CA5D71DDDFFD1003D288D /* SwitchCamera-50@3x.png in Resources */ = {isa = PBXBuildFile; fileRef = FA3CA5D11DDDFFD1003D288D /* SwitchCamera-50@3x.png */; };
		FA3CA5D81DDDFFD1003D288D /* trash-50@3x.png in Resources */ = {isa = PBXBuildFile; fileRef = FA3CA5D21DDDFFD1003D288D /* trash-50@3x.png */; };
		FA3CA5D91DDDFFD1003D288D /* upload-50@3x.png in Resources */ = {isa = PBXBuildFile; fileRef = FA3CA5D31DDDFFD1003D288D /* upload-50@3x.png */; };
		FA8827CC1BB55CF70025C71D /* ZiggeoPlayer.h in Headers */ = {isa = PBXBuildFile; fileRef = FA8827CA1BB55CF70025C71D /* ZiggeoPlayer.h */; settings = {ATTRIBUTES = (Public, ); }; };
		FA8827CD1BB55CF70025C71D /* ZiggeoPlayer.m in Sources */ = {isa = PBXBuildFile; fileRef = FA8827CB1BB55CF70025C71D /* ZiggeoPlayer.m */; };
		FA8827D11BB5797A0025C71D /* ZiggeoRecorder.h in Headers */ = {isa = PBXBuildFile; fileRef = FA8827CF1BB5797A0025C71D /* ZiggeoRecorder.h */; settings = {ATTRIBUTES = (Public, ); }; };
		FA8827D21BB5797A0025C71D /* ZiggeoRecorder.m in Sources */ = {isa = PBXBuildFile; fileRef = FA8827D01BB5797A0025C71D /* ZiggeoRecorder.m */; };
		FAE23A5B1CC4F07600E61CC6 /* Record-100.png in Resources */ = {isa = PBXBuildFile; fileRef = FAE23A591CC4F07600E61CC6 /* Record-100.png */; };
		FAE23A5C1CC4F07600E61CC6 /* Stop-100.png in Resources */ = {isa = PBXBuildFile; fileRef = FAE23A5A1CC4F07600E61CC6 /* Stop-100.png */; };
		FAE23A5F1CC4F9C000E61CC6 /* Delete-50@2x.png in Resources */ = {isa = PBXBuildFile; fileRef = FAE23A5D1CC4F9C000E61CC6 /* Delete-50@2x.png */; };
		FAE23A601CC4F9C000E61CC6 /* trash-50@2x.png in Resources */ = {isa = PBXBuildFile; fileRef = FAE23A5E1CC4F9C000E61CC6 /* trash-50@2x.png */; };
		FAE23A631CC4FBB100E61CC6 /* Pause-50@2x.png in Resources */ = {isa = PBXBuildFile; fileRef = FAE23A611CC4FBB100E61CC6 /* Pause-50@2x.png */; };
		FAE23A641CC4FBB100E61CC6 /* Play-50@2x.png in Resources */ = {isa = PBXBuildFile; fileRef = FAE23A621CC4FBB100E61CC6 /* Play-50@2x.png */; };
		FAE23A671CC4FC9C00E61CC6 /* Pause-50.png in Resources */ = {isa = PBXBuildFile; fileRef = FAE23A651CC4FC9C00E61CC6 /* Pause-50.png */; };
		FAE23A681CC4FC9C00E61CC6 /* Play-50.png in Resources */ = {isa = PBXBuildFile; fileRef = FAE23A661CC4FC9C00E61CC6 /* Play-50.png */; };
		FAE23A6A1CC51D7C00E61CC6 /* SwitchCamera-50.png in Resources */ = {isa = PBXBuildFile; fileRef = FAE23A691CC51D7B00E61CC6 /* SwitchCamera-50.png */; };
		FAE23A6C1CC634FA00E61CC6 /* SwitchCamera-50@2x.png in Resources */ = {isa = PBXBuildFile; fileRef = FAE23A6B1CC634FA00E61CC6 /* SwitchCamera-50@2x.png */; };
		FAE23A6E1CC6356300E61CC6 /* upload-50@2x.png in Resources */ = {isa = PBXBuildFile; fileRef = FAE23A6D1CC6356300E61CC6 /* upload-50@2x.png */; };
		FAE6689B1BB4345200A45B41 /* Ziggeo.h in Headers */ = {isa = PBXBuildFile; fileRef = FAE6689A1BB4345200A45B41 /* Ziggeo.h */; settings = {ATTRIBUTES = (Public, ); }; };
		FAE668BA1BB4381000A45B41 /* ZiggeoApplication.h in Headers */ = {isa = PBXBuildFile; fileRef = FAE668B21BB4381000A45B41 /* ZiggeoApplication.h */; settings = {ATTRIBUTES = (Public, ); }; };
		FAE668BB1BB4381000A45B41 /* ZiggeoApplication.m in Sources */ = {isa = PBXBuildFile; fileRef = FAE668B31BB4381000A45B41 /* ZiggeoApplication.m */; };
		FAE668BC1BB4381000A45B41 /* ZiggeoConfig.h in Headers */ = {isa = PBXBuildFile; fileRef = FAE668B41BB4381000A45B41 /* ZiggeoConfig.h */; settings = {ATTRIBUTES = (Public, ); }; };
		FAE668BD1BB4381000A45B41 /* ZiggeoConfig.m in Sources */ = {isa = PBXBuildFile; fileRef = FAE668B51BB4381000A45B41 /* ZiggeoConfig.m */; };
		FAE668BE1BB4381000A45B41 /* ZiggeoConnect.h in Headers */ = {isa = PBXBuildFile; fileRef = FAE668B61BB4381000A45B41 /* ZiggeoConnect.h */; settings = {ATTRIBUTES = (Public, ); }; };
		FAE668BF1BB4381000A45B41 /* ZiggeoConnect.m in Sources */ = {isa = PBXBuildFile; fileRef = FAE668B71BB4381000A45B41 /* ZiggeoConnect.m */; };
		FAE668C01BB4381000A45B41 /* ZiggeoVideos.h in Headers */ = {isa = PBXBuildFile; fileRef = FAE668B81BB4381000A45B41 /* ZiggeoVideos.h */; settings = {ATTRIBUTES = (Public, ); }; };
		FAE668C11BB4381000A45B41 /* ZiggeoVideos.m in Sources */ = {isa = PBXBuildFile; fileRef = FAE668B91BB4381000A45B41 /* ZiggeoVideos.m */; };
		FAE72AEE1CB688D500BF2497 /* ZiggeoRecorder2.h in Headers */ = {isa = PBXBuildFile; fileRef = FAE72AEB1CB688D500BF2497 /* ZiggeoRecorder2.h */; settings = {ATTRIBUTES = (Public, ); }; };
		FAE72AEF1CB688D500BF2497 /* ZiggeoRecorder2.m in Sources */ = {isa = PBXBuildFile; fileRef = FAE72AEC1CB688D500BF2497 /* ZiggeoRecorder2.m */; };
		FAE72AF01CB688D500BF2497 /* ZiggeoRecorder2.xib in Resources */ = {isa = PBXBuildFile; fileRef = FAE72AED1CB688D500BF2497 /* ZiggeoRecorder2.xib */; };
		FAE72AF31CB6988F00BF2497 /* CapturePreviewView.h in Headers */ = {isa = PBXBuildFile; fileRef = FAE72AF11CB6988F00BF2497 /* CapturePreviewView.h */; settings = {ATTRIBUTES = (Public, ); }; };
		FAE72AF41CB6988F00BF2497 /* CapturePreviewView.m in Sources */ = {isa = PBXBuildFile; fileRef = FAE72AF21CB6988F00BF2497 /* CapturePreviewView.m */; };
		FAEA9BBA1C6014D100B83119 /* Delete-50.png in Resources */ = {isa = PBXBuildFile; fileRef = FAEA9BB91C6014D100B83119 /* Delete-50.png */; };
		FAEA9BBD1C60174200B83119 /* trash-50.png in Resources */ = {isa = PBXBuildFile; fileRef = FAEA9BBB1C60174200B83119 /* trash-50.png */; };
		FAEA9BBE1C60174200B83119 /* upload-50.png in Resources */ = {isa = PBXBuildFile; fileRef = FAEA9BBC1C60174200B83119 /* upload-50.png */; };
		FAEB5D8D1BC9316D00A64841 /* CoverSelectorController.h in Headers */ = {isa = PBXBuildFile; fileRef = FAEB5D8A1BC9316D00A64841 /* CoverSelectorController.h */; settings = {ATTRIBUTES = (Public, ); }; };
		FAEB5D8E1BC9316D00A64841 /* CoverSelectorController.m in Sources */ = {isa = PBXBuildFile; fileRef = FAEB5D8B1BC9316D00A64841 /* CoverSelectorController.m */; };
		FAEB5D8F1BC9316D00A64841 /* CoverSelectorController.xib in Resources */ = {isa = PBXBuildFile; fileRef = FAEB5D8C1BC9316D00A64841 /* CoverSelectorController.xib */; };
		FAEB5D961BC9C0D700A64841 /* CoverSelectorTableCell.h in Headers */ = {isa = PBXBuildFile; fileRef = FAEB5D941BC9C0D700A64841 /* CoverSelectorTableCell.h */; settings = {ATTRIBUTES = (Public, ); }; };
		FAEB5D971BC9C0D700A64841 /* CoverSelectorTableCell.m in Sources */ = {isa = PBXBuildFile; fileRef = FAEB5D951BC9C0D700A64841 /* CoverSelectorTableCell.m */; };
		FAEB5D991BC9CC0600A64841 /* CoverSelectorTableCell.xib in Resources */ = {isa = PBXBuildFile; fileRef = FAEB5D981BC9CC0600A64841 /* CoverSelectorTableCell.xib */; };
		FAF128BA1CB7ED820010B608 /* RecordedVideoPreview.h in Headers */ = {isa = PBXBuildFile; fileRef = FAF128B71CB7ED820010B608 /* RecordedVideoPreview.h */; settings = {ATTRIBUTES = (Public, ); }; };
		FAF128BB1CB7ED820010B608 /* RecordedVideoPreview.m in Sources */ = {isa = PBXBuildFile; fileRef = FAF128B81CB7ED820010B608 /* RecordedVideoPreview.m */; };
		FAF128BC1CB7ED820010B608 /* RecordedVideoPreview.xib in Resources */ = {isa = PBXBuildFile; fileRef = FAF128B91CB7ED820010B608 /* RecordedVideoPreview.xib */; };
/* End PBXBuildFile section */

/* Begin PBXFileReference section */
		FA3CA5CE1DDDFFD1003D288D /* Delete-50@3x.png */ = {isa = PBXFileReference; lastKnownFileType = image.png; name = "Delete-50@3x.png"; path = "art/Delete-50@3x.png"; sourceTree = "<group>"; };
		FA3CA5CF1DDDFFD1003D288D /* Pause-50@3x.png */ = {isa = PBXFileReference; lastKnownFileType = image.png; name = "Pause-50@3x.png"; path = "art/Pause-50@3x.png"; sourceTree = "<group>"; };
		FA3CA5D01DDDFFD1003D288D /* Play-50@3x.png */ = {isa = PBXFileReference; lastKnownFileType = image.png; name = "Play-50@3x.png"; path = "art/Play-50@3x.png"; sourceTree = "<group>"; };
		FA3CA5D11DDDFFD1003D288D /* SwitchCamera-50@3x.png */ = {isa = PBXFileReference; lastKnownFileType = image.png; name = "SwitchCamera-50@3x.png"; path = "art/SwitchCamera-50@3x.png"; sourceTree = "<group>"; };
		FA3CA5D21DDDFFD1003D288D /* trash-50@3x.png */ = {isa = PBXFileReference; lastKnownFileType = image.png; name = "trash-50@3x.png"; path = "art/trash-50@3x.png"; sourceTree = "<group>"; };
		FA3CA5D31DDDFFD1003D288D /* upload-50@3x.png */ = {isa = PBXFileReference; lastKnownFileType = image.png; name = "upload-50@3x.png"; path = "art/upload-50@3x.png"; sourceTree = "<group>"; };
		FA8827CA1BB55CF70025C71D /* ZiggeoPlayer.h */ = {isa = PBXFileReference; fileEncoding = 4; lastKnownFileType = sourcecode.c.h; name = ZiggeoPlayer.h; path = Player/ZiggeoPlayer.h; sourceTree = "<group>"; };
		FA8827CB1BB55CF70025C71D /* ZiggeoPlayer.m */ = {isa = PBXFileReference; fileEncoding = 4; lastKnownFileType = sourcecode.c.objc; name = ZiggeoPlayer.m; path = Player/ZiggeoPlayer.m; sourceTree = "<group>"; };
		FA8827CF1BB5797A0025C71D /* ZiggeoRecorder.h */ = {isa = PBXFileReference; fileEncoding = 4; lastKnownFileType = sourcecode.c.h; name = ZiggeoRecorder.h; path = Recorder/ZiggeoRecorder.h; sourceTree = "<group>"; };
		FA8827D01BB5797A0025C71D /* ZiggeoRecorder.m */ = {isa = PBXFileReference; fileEncoding = 4; lastKnownFileType = sourcecode.c.objc; name = ZiggeoRecorder.m; path = Recorder/ZiggeoRecorder.m; sourceTree = "<group>"; };
		FA8828121BB6DCAB0025C71D /* Info.plist */ = {isa = PBXFileReference; fileEncoding = 4; lastKnownFileType = text.plist.xml; path = Info.plist; sourceTree = "<group>"; };
		FAE23A591CC4F07600E61CC6 /* Record-100.png */ = {isa = PBXFileReference; lastKnownFileType = image.png; name = "Record-100.png"; path = "art/Record-100.png"; sourceTree = "<group>"; };
		FAE23A5A1CC4F07600E61CC6 /* Stop-100.png */ = {isa = PBXFileReference; lastKnownFileType = image.png; name = "Stop-100.png"; path = "art/Stop-100.png"; sourceTree = "<group>"; };
		FAE23A5D1CC4F9C000E61CC6 /* Delete-50@2x.png */ = {isa = PBXFileReference; lastKnownFileType = image.png; name = "Delete-50@2x.png"; path = "art/Delete-50@2x.png"; sourceTree = "<group>"; };
		FAE23A5E1CC4F9C000E61CC6 /* trash-50@2x.png */ = {isa = PBXFileReference; lastKnownFileType = image.png; name = "trash-50@2x.png"; path = "art/trash-50@2x.png"; sourceTree = "<group>"; };
		FAE23A611CC4FBB100E61CC6 /* Pause-50@2x.png */ = {isa = PBXFileReference; lastKnownFileType = image.png; name = "Pause-50@2x.png"; path = "art/Pause-50@2x.png"; sourceTree = "<group>"; };
		FAE23A621CC4FBB100E61CC6 /* Play-50@2x.png */ = {isa = PBXFileReference; lastKnownFileType = image.png; name = "Play-50@2x.png"; path = "art/Play-50@2x.png"; sourceTree = "<group>"; };
		FAE23A651CC4FC9C00E61CC6 /* Pause-50.png */ = {isa = PBXFileReference; lastKnownFileType = image.png; name = "Pause-50.png"; path = "art/Pause-50.png"; sourceTree = "<group>"; };
		FAE23A661CC4FC9C00E61CC6 /* Play-50.png */ = {isa = PBXFileReference; lastKnownFileType = image.png; name = "Play-50.png"; path = "art/Play-50.png"; sourceTree = "<group>"; };
		FAE23A691CC51D7B00E61CC6 /* SwitchCamera-50.png */ = {isa = PBXFileReference; lastKnownFileType = image.png; name = "SwitchCamera-50.png"; path = "art/SwitchCamera-50.png"; sourceTree = "<group>"; };
		FAE23A6B1CC634FA00E61CC6 /* SwitchCamera-50@2x.png */ = {isa = PBXFileReference; lastKnownFileType = image.png; name = "SwitchCamera-50@2x.png"; path = "art/SwitchCamera-50@2x.png"; sourceTree = "<group>"; };
		FAE23A6D1CC6356300E61CC6 /* upload-50@2x.png */ = {isa = PBXFileReference; lastKnownFileType = image.png; name = "upload-50@2x.png"; path = "art/upload-50@2x.png"; sourceTree = "<group>"; };
		FAE668951BB4345200A45B41 /* Ziggeo.framework */ = {isa = PBXFileReference; explicitFileType = wrapper.framework; includeInIndex = 0; path = Ziggeo.framework; sourceTree = BUILT_PRODUCTS_DIR; };
		FAE6689A1BB4345200A45B41 /* Ziggeo.h */ = {isa = PBXFileReference; lastKnownFileType = sourcecode.c.h; path = Ziggeo.h; sourceTree = "<group>"; };
		FAE668B21BB4381000A45B41 /* ZiggeoApplication.h */ = {isa = PBXFileReference; fileEncoding = 4; lastKnownFileType = sourcecode.c.h; name = ZiggeoApplication.h; path = API/ZiggeoApplication.h; sourceTree = "<group>"; };
		FAE668B31BB4381000A45B41 /* ZiggeoApplication.m */ = {isa = PBXFileReference; fileEncoding = 4; lastKnownFileType = sourcecode.c.objc; name = ZiggeoApplication.m; path = API/ZiggeoApplication.m; sourceTree = "<group>"; };
		FAE668B41BB4381000A45B41 /* ZiggeoConfig.h */ = {isa = PBXFileReference; fileEncoding = 4; lastKnownFileType = sourcecode.c.h; name = ZiggeoConfig.h; path = API/ZiggeoConfig.h; sourceTree = "<group>"; };
		FAE668B51BB4381000A45B41 /* ZiggeoConfig.m */ = {isa = PBXFileReference; fileEncoding = 4; lastKnownFileType = sourcecode.c.objc; name = ZiggeoConfig.m; path = API/ZiggeoConfig.m; sourceTree = "<group>"; };
		FAE668B61BB4381000A45B41 /* ZiggeoConnect.h */ = {isa = PBXFileReference; fileEncoding = 4; lastKnownFileType = sourcecode.c.h; name = ZiggeoConnect.h; path = API/ZiggeoConnect.h; sourceTree = "<group>"; };
		FAE668B71BB4381000A45B41 /* ZiggeoConnect.m */ = {isa = PBXFileReference; fileEncoding = 4; lastKnownFileType = sourcecode.c.objc; name = ZiggeoConnect.m; path = API/ZiggeoConnect.m; sourceTree = "<group>"; };
		FAE668B81BB4381000A45B41 /* ZiggeoVideos.h */ = {isa = PBXFileReference; fileEncoding = 4; lastKnownFileType = sourcecode.c.h; name = ZiggeoVideos.h; path = API/ZiggeoVideos.h; sourceTree = "<group>"; };
		FAE668B91BB4381000A45B41 /* ZiggeoVideos.m */ = {isa = PBXFileReference; fileEncoding = 4; lastKnownFileType = sourcecode.c.objc; name = ZiggeoVideos.m; path = API/ZiggeoVideos.m; sourceTree = "<group>"; };
		FAE72AEB1CB688D500BF2497 /* ZiggeoRecorder2.h */ = {isa = PBXFileReference; fileEncoding = 4; lastKnownFileType = sourcecode.c.h; name = ZiggeoRecorder2.h; path = Recorder2/ZiggeoRecorder2.h; sourceTree = "<group>"; };
		FAE72AEC1CB688D500BF2497 /* ZiggeoRecorder2.m */ = {isa = PBXFileReference; fileEncoding = 4; lastKnownFileType = sourcecode.c.objc; name = ZiggeoRecorder2.m; path = Recorder2/ZiggeoRecorder2.m; sourceTree = "<group>"; };
		FAE72AED1CB688D500BF2497 /* ZiggeoRecorder2.xib */ = {isa = PBXFileReference; fileEncoding = 4; lastKnownFileType = file.xib; name = ZiggeoRecorder2.xib; path = Recorder2/ZiggeoRecorder2.xib; sourceTree = "<group>"; };
		FAE72AF11CB6988F00BF2497 /* CapturePreviewView.h */ = {isa = PBXFileReference; fileEncoding = 4; lastKnownFileType = sourcecode.c.h; name = CapturePreviewView.h; path = Recorder2/CapturePreviewView.h; sourceTree = "<group>"; };
		FAE72AF21CB6988F00BF2497 /* CapturePreviewView.m */ = {isa = PBXFileReference; fileEncoding = 4; lastKnownFileType = sourcecode.c.objc; name = CapturePreviewView.m; path = Recorder2/CapturePreviewView.m; sourceTree = "<group>"; };
		FAEA9BB91C6014D100B83119 /* Delete-50.png */ = {isa = PBXFileReference; lastKnownFileType = image.png; name = "Delete-50.png"; path = "art/Delete-50.png"; sourceTree = "<group>"; };
		FAEA9BBB1C60174200B83119 /* trash-50.png */ = {isa = PBXFileReference; lastKnownFileType = image.png; name = "trash-50.png"; path = "art/trash-50.png"; sourceTree = "<group>"; };
		FAEA9BBC1C60174200B83119 /* upload-50.png */ = {isa = PBXFileReference; lastKnownFileType = image.png; name = "upload-50.png"; path = "art/upload-50.png"; sourceTree = "<group>"; };
		FAEB5D8A1BC9316D00A64841 /* CoverSelectorController.h */ = {isa = PBXFileReference; fileEncoding = 4; lastKnownFileType = sourcecode.c.h; name = CoverSelectorController.h; path = CoverSelector/CoverSelectorController.h; sourceTree = "<group>"; };
		FAEB5D8B1BC9316D00A64841 /* CoverSelectorController.m */ = {isa = PBXFileReference; fileEncoding = 4; lastKnownFileType = sourcecode.c.objc; name = CoverSelectorController.m; path = CoverSelector/CoverSelectorController.m; sourceTree = "<group>"; };
		FAEB5D8C1BC9316D00A64841 /* CoverSelectorController.xib */ = {isa = PBXFileReference; fileEncoding = 4; lastKnownFileType = file.xib; name = CoverSelectorController.xib; path = CoverSelector/CoverSelectorController.xib; sourceTree = "<group>"; };
		FAEB5D941BC9C0D700A64841 /* CoverSelectorTableCell.h */ = {isa = PBXFileReference; fileEncoding = 4; lastKnownFileType = sourcecode.c.h; name = CoverSelectorTableCell.h; path = CoverSelector/CoverSelectorTableCell.h; sourceTree = "<group>"; };
		FAEB5D951BC9C0D700A64841 /* CoverSelectorTableCell.m */ = {isa = PBXFileReference; fileEncoding = 4; lastKnownFileType = sourcecode.c.objc; name = CoverSelectorTableCell.m; path = CoverSelector/CoverSelectorTableCell.m; sourceTree = "<group>"; };
		FAEB5D981BC9CC0600A64841 /* CoverSelectorTableCell.xib */ = {isa = PBXFileReference; fileEncoding = 4; lastKnownFileType = file.xib; name = CoverSelectorTableCell.xib; path = CoverSelector/CoverSelectorTableCell.xib; sourceTree = "<group>"; };
		FAF128B71CB7ED820010B608 /* RecordedVideoPreview.h */ = {isa = PBXFileReference; fileEncoding = 4; lastKnownFileType = sourcecode.c.h; name = RecordedVideoPreview.h; path = Recorder2/RecordedVideoPreview.h; sourceTree = "<group>"; };
		FAF128B81CB7ED820010B608 /* RecordedVideoPreview.m */ = {isa = PBXFileReference; fileEncoding = 4; lastKnownFileType = sourcecode.c.objc; name = RecordedVideoPreview.m; path = Recorder2/RecordedVideoPreview.m; sourceTree = "<group>"; };
		FAF128B91CB7ED820010B608 /* RecordedVideoPreview.xib */ = {isa = PBXFileReference; fileEncoding = 4; lastKnownFileType = file.xib; name = RecordedVideoPreview.xib; path = Recorder2/RecordedVideoPreview.xib; sourceTree = "<group>"; };
/* End PBXFileReference section */

/* Begin PBXFrameworksBuildPhase section */
		FAE668911BB4345200A45B41 /* Frameworks */ = {
			isa = PBXFrameworksBuildPhase;
			buildActionMask = 2147483647;
			files = (
			);
			runOnlyForDeploymentPostprocessing = 0;
		};
/* End PBXFrameworksBuildPhase section */

/* Begin PBXGroup section */
		FA8827C91BB55B910025C71D /* Player */ = {
			isa = PBXGroup;
			children = (
				FA8827CA1BB55CF70025C71D /* ZiggeoPlayer.h */,
				FA8827CB1BB55CF70025C71D /* ZiggeoPlayer.m */,
			);
			name = Player;
			sourceTree = "<group>";
		};
		FA8827CE1BB578710025C71D /* Recorder */ = {
			isa = PBXGroup;
			children = (
				FA8827CF1BB5797A0025C71D /* ZiggeoRecorder.h */,
				FA8827D01BB5797A0025C71D /* ZiggeoRecorder.m */,
			);
			name = Recorder;
			sourceTree = "<group>";
		};
		FAE6688B1BB4345200A45B41 = {
			isa = PBXGroup;
			children = (
				FAE668971BB4345200A45B41 /* Ziggeo */,
				FAE668961BB4345200A45B41 /* Products */,
			);
			sourceTree = "<group>";
		};
		FAE668961BB4345200A45B41 /* Products */ = {
			isa = PBXGroup;
			children = (
				FAE668951BB4345200A45B41 /* Ziggeo.framework */,
			);
			name = Products;
			sourceTree = "<group>";
		};
		FAE668971BB4345200A45B41 /* Ziggeo */ = {
			isa = PBXGroup;
			children = (
				FAE72AE81CB6870300BF2497 /* Recorder2 */,
				FAEA9BB81C60148500B83119 /* Art */,
				FAEB5D871BC930CF00A64841 /* CoverSelector */,
				FA8827CE1BB578710025C71D /* Recorder */,
				FA8827C91BB55B910025C71D /* Player */,
				FAE668B11BB4379D00A45B41 /* API */,
				FAE6689A1BB4345200A45B41 /* Ziggeo.h */,
				FAE668981BB4345200A45B41 /* Supporting Files */,
			);
			path = Ziggeo;
			sourceTree = "<group>";
		};
		FAE668981BB4345200A45B41 /* Supporting Files */ = {
			isa = PBXGroup;
			children = (
				FA8828121BB6DCAB0025C71D /* Info.plist */,
			);
			name = "Supporting Files";
			sourceTree = "<group>";
		};
		FAE668B11BB4379D00A45B41 /* API */ = {
			isa = PBXGroup;
			children = (
				FAE668B21BB4381000A45B41 /* ZiggeoApplication.h */,
				FAE668B31BB4381000A45B41 /* ZiggeoApplication.m */,
				FAE668B41BB4381000A45B41 /* ZiggeoConfig.h */,
				FAE668B51BB4381000A45B41 /* ZiggeoConfig.m */,
				FAE668B61BB4381000A45B41 /* ZiggeoConnect.h */,
				FAE668B71BB4381000A45B41 /* ZiggeoConnect.m */,
				FAE668B81BB4381000A45B41 /* ZiggeoVideos.h */,
				FAE668B91BB4381000A45B41 /* ZiggeoVideos.m */,
			);
			name = API;
			sourceTree = "<group>";
		};
		FAE72AE81CB6870300BF2497 /* Recorder2 */ = {
			isa = PBXGroup;
			children = (
				FAE72AEB1CB688D500BF2497 /* ZiggeoRecorder2.h */,
				FAE72AEC1CB688D500BF2497 /* ZiggeoRecorder2.m */,
				FAE72AED1CB688D500BF2497 /* ZiggeoRecorder2.xib */,
				FAE72AF11CB6988F00BF2497 /* CapturePreviewView.h */,
				FAE72AF21CB6988F00BF2497 /* CapturePreviewView.m */,
				FAF128B71CB7ED820010B608 /* RecordedVideoPreview.h */,
				FAF128B81CB7ED820010B608 /* RecordedVideoPreview.m */,
				FAF128B91CB7ED820010B608 /* RecordedVideoPreview.xib */,
			);
			name = Recorder2;
			sourceTree = "<group>";
		};
		FAEA9BB81C60148500B83119 /* Art */ = {
			isa = PBXGroup;
			children = (
				FA3CA5CE1DDDFFD1003D288D /* Delete-50@3x.png */,
				FA3CA5CF1DDDFFD1003D288D /* Pause-50@3x.png */,
				FA3CA5D01DDDFFD1003D288D /* Play-50@3x.png */,
				FA3CA5D11DDDFFD1003D288D /* SwitchCamera-50@3x.png */,
				FA3CA5D21DDDFFD1003D288D /* trash-50@3x.png */,
				FA3CA5D31DDDFFD1003D288D /* upload-50@3x.png */,
				FAE23A6D1CC6356300E61CC6 /* upload-50@2x.png */,
				FAE23A6B1CC634FA00E61CC6 /* SwitchCamera-50@2x.png */,
				FAE23A691CC51D7B00E61CC6 /* SwitchCamera-50.png */,
				FAE23A651CC4FC9C00E61CC6 /* Pause-50.png */,
				FAE23A661CC4FC9C00E61CC6 /* Play-50.png */,
				FAE23A611CC4FBB100E61CC6 /* Pause-50@2x.png */,
				FAE23A621CC4FBB100E61CC6 /* Play-50@2x.png */,
				FAE23A5D1CC4F9C000E61CC6 /* Delete-50@2x.png */,
				FAE23A5E1CC4F9C000E61CC6 /* trash-50@2x.png */,
				FAE23A591CC4F07600E61CC6 /* Record-100.png */,
				FAE23A5A1CC4F07600E61CC6 /* Stop-100.png */,
				FAEA9BBB1C60174200B83119 /* trash-50.png */,
				FAEA9BBC1C60174200B83119 /* upload-50.png */,
				FAEA9BB91C6014D100B83119 /* Delete-50.png */,
			);
			name = Art;
			sourceTree = "<group>";
		};
		FAEB5D871BC930CF00A64841 /* CoverSelector */ = {
			isa = PBXGroup;
			children = (
				FAEB5D8A1BC9316D00A64841 /* CoverSelectorController.h */,
				FAEB5D8B1BC9316D00A64841 /* CoverSelectorController.m */,
				FAEB5D8C1BC9316D00A64841 /* CoverSelectorController.xib */,
				FAEB5D941BC9C0D700A64841 /* CoverSelectorTableCell.h */,
				FAEB5D951BC9C0D700A64841 /* CoverSelectorTableCell.m */,
				FAEB5D981BC9CC0600A64841 /* CoverSelectorTableCell.xib */,
			);
			name = CoverSelector;
			sourceTree = "<group>";
		};
/* End PBXGroup section */

/* Begin PBXHeadersBuildPhase section */
		FAE668921BB4345200A45B41 /* Headers */ = {
			isa = PBXHeadersBuildPhase;
			buildActionMask = 2147483647;
			files = (
				FAE668BE1BB4381000A45B41 /* ZiggeoConnect.h in Headers */,
				FAE668BA1BB4381000A45B41 /* ZiggeoApplication.h in Headers */,
				FAE6689B1BB4345200A45B41 /* Ziggeo.h in Headers */,
				FA8827D11BB5797A0025C71D /* ZiggeoRecorder.h in Headers */,
				FAE668C01BB4381000A45B41 /* ZiggeoVideos.h in Headers */,
				FA8827CC1BB55CF70025C71D /* ZiggeoPlayer.h in Headers */,
				FAEB5D8D1BC9316D00A64841 /* CoverSelectorController.h in Headers */,
				FAF128BA1CB7ED820010B608 /* RecordedVideoPreview.h in Headers */,
				FAE72AEE1CB688D500BF2497 /* ZiggeoRecorder2.h in Headers */,
				FAEB5D961BC9C0D700A64841 /* CoverSelectorTableCell.h in Headers */,
				FAE72AF31CB6988F00BF2497 /* CapturePreviewView.h in Headers */,
				FAE668BC1BB4381000A45B41 /* ZiggeoConfig.h in Headers */,
			);
			runOnlyForDeploymentPostprocessing = 0;
		};
/* End PBXHeadersBuildPhase section */

/* Begin PBXNativeTarget section */
		FAE668941BB4345200A45B41 /* Ziggeo */ = {
			isa = PBXNativeTarget;
			buildConfigurationList = FAE668AB1BB4345200A45B41 /* Build configuration list for PBXNativeTarget "Ziggeo" */;
			buildPhases = (
				FAE668901BB4345200A45B41 /* Sources */,
				FAE668911BB4345200A45B41 /* Frameworks */,
				FAE668921BB4345200A45B41 /* Headers */,
				FAE668931BB4345200A45B41 /* Resources */,
				FAF49A391BB47A9F00DC4D45 /* Run Script */,
			);
			buildRules = (
			);
			dependencies = (
			);
			name = Ziggeo;
			productName = Ziggeo;
			productReference = FAE668951BB4345200A45B41 /* Ziggeo.framework */;
			productType = "com.apple.product-type.framework";
		};
/* End PBXNativeTarget section */

/* Begin PBXProject section */
		FAE6688C1BB4345200A45B41 /* Project object */ = {
			isa = PBXProject;
			attributes = {
				LastUpgradeCheck = 0640;
				ORGANIZATIONNAME = Ziggeo;
				TargetAttributes = {
					FAE668941BB4345200A45B41 = {
						CreatedOnToolsVersion = 6.4;
						DevelopmentTeam = 7BT7647345;
					};
				};
			};
			buildConfigurationList = FAE6688F1BB4345200A45B41 /* Build configuration list for PBXProject "Ziggeo" */;
			compatibilityVersion = "Xcode 3.2";
			developmentRegion = English;
			hasScannedForEncodings = 0;
			knownRegions = (
				en,
			);
			mainGroup = FAE6688B1BB4345200A45B41;
			productRefGroup = FAE668961BB4345200A45B41 /* Products */;
			projectDirPath = "";
			projectRoot = "";
			targets = (
				FAE668941BB4345200A45B41 /* Ziggeo */,
			);
		};
/* End PBXProject section */

/* Begin PBXResourcesBuildPhase section */
		FAE668931BB4345200A45B41 /* Resources */ = {
			isa = PBXResourcesBuildPhase;
			buildActionMask = 2147483647;
			files = (
				FAE23A631CC4FBB100E61CC6 /* Pause-50@2x.png in Resources */,
				FAEB5D8F1BC9316D00A64841 /* CoverSelectorController.xib in Resources */,
				FA3CA5D61DDDFFD1003D288D /* Play-50@3x.png in Resources */,
				FAE23A6E1CC6356300E61CC6 /* upload-50@2x.png in Resources */,
				FAF128BC1CB7ED820010B608 /* RecordedVideoPreview.xib in Resources */,
				FAE23A6A1CC51D7C00E61CC6 /* SwitchCamera-50.png in Resources */,
				FAE23A5F1CC4F9C000E61CC6 /* Delete-50@2x.png in Resources */,
				FAE23A601CC4F9C000E61CC6 /* trash-50@2x.png in Resources */,
				FAE23A671CC4FC9C00E61CC6 /* Pause-50.png in Resources */,
				FA3CA5D71DDDFFD1003D288D /* SwitchCamera-50@3x.png in Resources */,
				FAE23A6C1CC634FA00E61CC6 /* SwitchCamera-50@2x.png in Resources */,
				FAE72AF01CB688D500BF2497 /* ZiggeoRecorder2.xib in Resources */,
				FAEB5D991BC9CC0600A64841 /* CoverSelectorTableCell.xib in Resources */,
				FAE23A681CC4FC9C00E61CC6 /* Play-50.png in Resources */,
				FAE23A641CC4FBB100E61CC6 /* Play-50@2x.png in Resources */,
				FA3CA5D51DDDFFD1003D288D /* Pause-50@3x.png in Resources */,
				FA3CA5D41DDDFFD1003D288D /* Delete-50@3x.png in Resources */,
				FAEA9BBE1C60174200B83119 /* upload-50.png in Resources */,
				FAEA9BBA1C6014D100B83119 /* Delete-50.png in Resources */,
				FAE23A5B1CC4F07600E61CC6 /* Record-100.png in Resources */,
				FAEA9BBD1C60174200B83119 /* trash-50.png in Resources */,
				FA3CA5D91DDDFFD1003D288D /* upload-50@3x.png in Resources */,
				FA3CA5D81DDDFFD1003D288D /* trash-50@3x.png in Resources */,
				FAE23A5C1CC4F07600E61CC6 /* Stop-100.png in Resources */,
			);
			runOnlyForDeploymentPostprocessing = 0;
		};
/* End PBXResourcesBuildPhase section */

/* Begin PBXShellScriptBuildPhase section */
		FAF49A391BB47A9F00DC4D45 /* Run Script */ = {
			isa = PBXShellScriptBuildPhase;
			buildActionMask = 12;
			files = (
			);
			inputPaths = (
			);
			name = "Run Script";
			outputPaths = (
			);
			runOnlyForDeploymentPostprocessing = 0;
			shellPath = /bin/sh;
			shellScript = "exit 0\nset -e\nset +u\n# Avoid recursively calling this script.\nif [[ $SF_MASTER_SCRIPT_RUNNING ]]\nthen\nexit 0\nfi\nset -u\nexport SF_MASTER_SCRIPT_RUNNING=1\n\n\n# Constants\nSF_TARGET_NAME=${PROJECT_NAME}\nUNIVERSAL_OUTPUTFOLDER=${PROJECT_DIR}/Output/${CONFIGURATION}-universal\n\n# Take build target\nif [[ \"$SDK_NAME\" =~ ([A-Za-z]+) ]]\nthen\nSF_SDK_PLATFORM=${BASH_REMATCH[1]}\nelse\necho \"Could not find platform name from SDK_NAME: $SDK_NAME\"\nexit 1\nfi\n\nif [[ \"$SF_SDK_PLATFORM\" = \"iphoneos\" ]]\nthen\necho \"Please choose iPhone simulator as the build target.\"\nexit 1\nfi\n\nIPHONE_DEVICE_BUILD_DIR=${BUILD_DIR}/${CONFIGURATION}-iphoneos\n\n# Build the other (non-simulator) platform\nxcodebuild -project \"${PROJECT_FILE_PATH}\" -target \"${TARGET_NAME}\" -configuration \"${CONFIGURATION}\" -sdk iphoneos BUILD_DIR=\"${BUILD_DIR}\" OBJROOT=\"${OBJROOT}\" BUILD_ROOT=\"${BUILD_ROOT}\" CONFIGURATION_BUILD_DIR=\"${IPHONE_DEVICE_BUILD_DIR}/arm64\" SYMROOT=\"${SYMROOT}\" ARCHS='arm64' VALID_ARCHS='arm64' $ACTION\n\nxcodebuild -project \"${PROJECT_FILE_PATH}\" -target \"${TARGET_NAME}\" -configuration \"${CONFIGURATION}\" -sdk iphoneos BUILD_DIR=\"${BUILD_DIR}\" OBJROOT=\"${OBJROOT}\" BUILD_ROOT=\"${BUILD_ROOT}\"  CONFIGURATION_BUILD_DIR=\"${IPHONE_DEVICE_BUILD_DIR}/armv7\" SYMROOT=\"${SYMROOT}\" ARCHS='armv7 armv7s' VALID_ARCHS='armv7 armv7s' $ACTION\n\n# Copy the framework structure to the universal folder (clean it first)\nrm -rf \"${UNIVERSAL_OUTPUTFOLDER}\"\nmkdir -p \"${UNIVERSAL_OUTPUTFOLDER}\"\ncp -R \"${BUILD_DIR}/${CONFIGURATION}-iphonesimulator/${PROJECT_NAME}.framework\" \"${UNIVERSAL_OUTPUTFOLDER}/${PROJECT_NAME}.framework\"\n\n# Smash them together to combine all architectures\nlipo -create  \"${BUILD_DIR}/${CONFIGURATION}-iphonesimulator/${PROJECT_NAME}.framework/${PROJECT_NAME}\" \"${BUILD_DIR}/${CONFIGURATION}-iphoneos/arm64/${PROJECT_NAME}.framework/${PROJECT_NAME}\" \"${BUILD_DIR}/${CONFIGURATION}-iphoneos/armv7/${PROJECT_NAME}.framework/${PROJECT_NAME}\" -output \"${UNIVERSAL_OUTPUTFOLDER}/${PROJECT_NAME}.framework/${PROJECT_NAME}\"";
		};
/* End PBXShellScriptBuildPhase section */

/* Begin PBXSourcesBuildPhase section */
		FAE668901BB4345200A45B41 /* Sources */ = {
			isa = PBXSourcesBuildPhase;
			buildActionMask = 2147483647;
			files = (
				FAE668C11BB4381000A45B41 /* ZiggeoVideos.m in Sources */,
				FAE72AF41CB6988F00BF2497 /* CapturePreviewView.m in Sources */,
				FAF128BB1CB7ED820010B608 /* RecordedVideoPreview.m in Sources */,
				FAE668BF1BB4381000A45B41 /* ZiggeoConnect.m in Sources */,
				FAEB5D8E1BC9316D00A64841 /* CoverSelectorController.m in Sources */,
				FAEB5D971BC9C0D700A64841 /* CoverSelectorTableCell.m in Sources */,
				FA8827D21BB5797A0025C71D /* ZiggeoRecorder.m in Sources */,
				FAE668BD1BB4381000A45B41 /* ZiggeoConfig.m in Sources */,
				FAE668BB1BB4381000A45B41 /* ZiggeoApplication.m in Sources */,
				FAE72AEF1CB688D500BF2497 /* ZiggeoRecorder2.m in Sources */,
				FA8827CD1BB55CF70025C71D /* ZiggeoPlayer.m in Sources */,
			);
			runOnlyForDeploymentPostprocessing = 0;
		};
/* End PBXSourcesBuildPhase section */

/* Begin XCBuildConfiguration section */
		FAE668A91BB4345200A45B41 /* Debug */ = {
			isa = XCBuildConfiguration;
			buildSettings = {
				ALWAYS_SEARCH_USER_PATHS = NO;
				CLANG_CXX_LANGUAGE_STANDARD = "gnu++0x";
				CLANG_CXX_LIBRARY = "libc++";
				CLANG_ENABLE_MODULES = YES;
				CLANG_ENABLE_OBJC_ARC = YES;
				CLANG_WARN_BOOL_CONVERSION = YES;
				CLANG_WARN_CONSTANT_CONVERSION = YES;
				CLANG_WARN_DIRECT_OBJC_ISA_USAGE = YES_ERROR;
				CLANG_WARN_EMPTY_BODY = YES;
				CLANG_WARN_ENUM_CONVERSION = YES;
				CLANG_WARN_INT_CONVERSION = YES;
				CLANG_WARN_OBJC_ROOT_CLASS = YES_ERROR;
				CLANG_WARN_UNREACHABLE_CODE = YES;
				CLANG_WARN__DUPLICATE_METHOD_MATCH = YES;
				"CODE_SIGN_IDENTITY[sdk=iphoneos*]" = "iPhone Developer";
				COPY_PHASE_STRIP = NO;
				CURRENT_PROJECT_VERSION = 1;
				DEBUG_INFORMATION_FORMAT = "dwarf-with-dsym";
				ENABLE_STRICT_OBJC_MSGSEND = YES;
				GCC_C_LANGUAGE_STANDARD = gnu99;
				GCC_DYNAMIC_NO_PIC = NO;
				GCC_NO_COMMON_BLOCKS = YES;
				GCC_OPTIMIZATION_LEVEL = 0;
				GCC_PREPROCESSOR_DEFINITIONS = (
					"DEBUG=1",
					"$(inherited)",
				);
				GCC_SYMBOLS_PRIVATE_EXTERN = NO;
				GCC_WARN_64_TO_32_BIT_CONVERSION = YES;
				GCC_WARN_ABOUT_RETURN_TYPE = YES_ERROR;
				GCC_WARN_UNDECLARED_SELECTOR = YES;
				GCC_WARN_UNINITIALIZED_AUTOS = YES_AGGRESSIVE;
				GCC_WARN_UNUSED_FUNCTION = YES;
				GCC_WARN_UNUSED_VARIABLE = YES;
				IPHONEOS_DEPLOYMENT_TARGET = 8.4;
				MTL_ENABLE_DEBUG_INFO = YES;
				ONLY_ACTIVE_ARCH = YES;
				SDKROOT = iphoneos;
				TARGETED_DEVICE_FAMILY = "1,2";
				VERSIONING_SYSTEM = "apple-generic";
				VERSION_INFO_PREFIX = "";
			};
			name = Debug;
		};
		FAE668AA1BB4345200A45B41 /* Release */ = {
			isa = XCBuildConfiguration;
			buildSettings = {
				ALWAYS_SEARCH_USER_PATHS = NO;
				CLANG_CXX_LANGUAGE_STANDARD = "gnu++0x";
				CLANG_CXX_LIBRARY = "libc++";
				CLANG_ENABLE_MODULES = YES;
				CLANG_ENABLE_OBJC_ARC = YES;
				CLANG_WARN_BOOL_CONVERSION = YES;
				CLANG_WARN_CONSTANT_CONVERSION = YES;
				CLANG_WARN_DIRECT_OBJC_ISA_USAGE = YES_ERROR;
				CLANG_WARN_EMPTY_BODY = YES;
				CLANG_WARN_ENUM_CONVERSION = YES;
				CLANG_WARN_INT_CONVERSION = YES;
				CLANG_WARN_OBJC_ROOT_CLASS = YES_ERROR;
				CLANG_WARN_UNREACHABLE_CODE = YES;
				CLANG_WARN__DUPLICATE_METHOD_MATCH = YES;
				"CODE_SIGN_IDENTITY[sdk=iphoneos*]" = "iPhone Developer";
				COPY_PHASE_STRIP = NO;
				CURRENT_PROJECT_VERSION = 1;
				DEBUG_INFORMATION_FORMAT = "dwarf-with-dsym";
				ENABLE_NS_ASSERTIONS = NO;
				ENABLE_STRICT_OBJC_MSGSEND = YES;
				GCC_C_LANGUAGE_STANDARD = gnu99;
				GCC_NO_COMMON_BLOCKS = YES;
				GCC_WARN_64_TO_32_BIT_CONVERSION = YES;
				GCC_WARN_ABOUT_RETURN_TYPE = YES_ERROR;
				GCC_WARN_UNDECLARED_SELECTOR = YES;
				GCC_WARN_UNINITIALIZED_AUTOS = YES_AGGRESSIVE;
				GCC_WARN_UNUSED_FUNCTION = YES;
				GCC_WARN_UNUSED_VARIABLE = YES;
				IPHONEOS_DEPLOYMENT_TARGET = 8.4;
				MTL_ENABLE_DEBUG_INFO = NO;
				SDKROOT = iphoneos;
				TARGETED_DEVICE_FAMILY = "1,2";
				VALIDATE_PRODUCT = YES;
				VERSIONING_SYSTEM = "apple-generic";
				VERSION_INFO_PREFIX = "";
			};
			name = Release;
		};
		FAE668AC1BB4345200A45B41 /* Debug */ = {
			isa = XCBuildConfiguration;
			buildSettings = {
				CODE_SIGN_IDENTITY = "iPhone Developer";
				"CODE_SIGN_IDENTITY[sdk=iphoneos*]" = "iPhone Developer";
				DEFINES_MODULE = YES;
				DYLIB_COMPATIBILITY_VERSION = 1;
				DYLIB_CURRENT_VERSION = 1;
				DYLIB_INSTALL_NAME_BASE = "@rpath";
				FRAMEWORK_SEARCH_PATHS = (
					"$(inherited)",
					"$(PROJECT_DIR)/Output/Release-universal",
				);
				INFOPLIST_FILE = Ziggeo/Info.plist;
				INSTALL_PATH = "$(LOCAL_LIBRARY_DIR)/Frameworks";
				LD_RUNPATH_SEARCH_PATHS = "$(inherited) @executable_path/Frameworks @loader_path/Frameworks";
				PRODUCT_NAME = "$(TARGET_NAME)";
				PROVISIONING_PROFILE = "";
				SKIP_INSTALL = NO;
			};
			name = Debug;
		};
		FAE668AD1BB4345200A45B41 /* Release */ = {
			isa = XCBuildConfiguration;
			buildSettings = {
				CODE_SIGN_IDENTITY = "iPhone Developer";
				"CODE_SIGN_IDENTITY[sdk=iphoneos*]" = "iPhone Developer";
				DEFINES_MODULE = YES;
				DYLIB_COMPATIBILITY_VERSION = 1;
				DYLIB_CURRENT_VERSION = 1;
				DYLIB_INSTALL_NAME_BASE = "@rpath";
				FRAMEWORK_SEARCH_PATHS = (
					"$(inherited)",
					"$(PROJECT_DIR)/Output/Release-universal",
				);
				INFOPLIST_FILE = Ziggeo/Info.plist;
				INSTALL_PATH = "$(LOCAL_LIBRARY_DIR)/Frameworks";
				LD_RUNPATH_SEARCH_PATHS = "$(inherited) @executable_path/Frameworks @loader_path/Frameworks";
				PRODUCT_NAME = "$(TARGET_NAME)";
				PROVISIONING_PROFILE = "";
				SKIP_INSTALL = NO;
			};
			name = Release;
		};
/* End XCBuildConfiguration section */

/* Begin XCConfigurationList section */
		FAE6688F1BB4345200A45B41 /* Build configuration list for PBXProject "Ziggeo" */ = {
			isa = XCConfigurationList;
			buildConfigurations = (
				FAE668A91BB4345200A45B41 /* Debug */,
				FAE668AA1BB4345200A45B41 /* Release */,
			);
			defaultConfigurationIsVisible = 0;
			defaultConfigurationName = Release;
		};
		FAE668AB1BB4345200A45B41 /* Build configuration list for PBXNativeTarget "Ziggeo" */ = {
			isa = XCConfigurationList;
			buildConfigurations = (
				FAE668AC1BB4345200A45B41 /* Debug */,
				FAE668AD1BB4345200A45B41 /* Release */,
			);
			defaultConfigurationIsVisible = 0;
			defaultConfigurationName = Release;
		};
/* End XCConfigurationList section */
	};
	rootObject = FAE6688C1BB4345200A45B41 /* Project object */;
}
